// !$*UTF8*$!
{
	archiveVersion = 1;
	classes = {
	};
	objectVersion = 46;
	objects = {

/* Begin PBXBuildFile section */
		9912DA621CAE4FCE00BFE3BE /* AppDelegate.swift in Sources */ = {isa = PBXBuildFile; fileRef = 9912DA611CAE4FCE00BFE3BE /* AppDelegate.swift */; };
		9912DA641CAE4FCE00BFE3BE /* ViewController.swift in Sources */ = {isa = PBXBuildFile; fileRef = 9912DA631CAE4FCE00BFE3BE /* ViewController.swift */; };
		9912DA671CAE4FCE00BFE3BE /* Main.storyboard in Resources */ = {isa = PBXBuildFile; fileRef = 9912DA651CAE4FCE00BFE3BE /* Main.storyboard */; };
		9912DA691CAE4FCE00BFE3BE /* Assets.xcassets in Resources */ = {isa = PBXBuildFile; fileRef = 9912DA681CAE4FCE00BFE3BE /* Assets.xcassets */; };
		9912DA6C1CAE4FCE00BFE3BE /* LaunchScreen.storyboard in Resources */ = {isa = PBXBuildFile; fileRef = 9912DA6A1CAE4FCE00BFE3BE /* LaunchScreen.storyboard */; };
/* End PBXBuildFile section */

/* Begin PBXFileReference section */
		9912DA5E1CAE4FCE00BFE3BE /* CacheImageUsingNSUserDefault.app */ = {isa = PBXFileReference; explicitFileType = wrapper.application; includeInIndex = 0; path = CacheImageUsingNSUserDefault.app; sourceTree = BUILT_PRODUCTS_DIR; };
		9912DA611CAE4FCE00BFE3BE /* AppDelegate.swift */ = {isa = PBXFileReference; lastKnownFileType = sourcecode.swift; path = AppDelegate.swift; sourceTree = "<group>"; };
		9912DA631CAE4FCE00BFE3BE /* ViewController.swift */ = {isa = PBXFileReference; lastKnownFileType = sourcecode.swift; path = ViewController.swift; sourceTree = "<group>"; };
		9912DA661CAE4FCE00BFE3BE /* Base */ = {isa = PBXFileReference; lastKnownFileType = file.storyboard; name = Base; path = Base.lproj/Main.storyboard; sourceTree = "<group>"; };
		9912DA681CAE4FCE00BFE3BE /* Assets.xcassets */ = {isa = PBXFileReference; lastKnownFileType = folder.assetcatalog; path = Assets.xcassets; sourceTree = "<group>"; };
		9912DA6B1CAE4FCE00BFE3BE /* Base */ = {isa = PBXFileReference; lastKnownFileType = file.storyboard; name = Base; path = Base.lproj/LaunchScreen.storyboard; sourceTree = "<group>"; };
		9912DA6D1CAE4FCF00BFE3BE /* Info.plist */ = {isa = PBXFileReference; lastKnownFileType = text.plist.xml; path = Info.plist; sourceTree = "<group>"; };
/* End PBXFileReference section */

/* Begin PBXFrameworksBuildPhase section */
		9912DA5B1CAE4FCE00BFE3BE /* Frameworks */ = {
			isa = PBXFrameworksBuildPhase;
			buildActionMask = 2147483647;
			files = (
			);
			runOnlyForDeploymentPostprocessing = 0;
		};
/* End PBXFrameworksBuildPhase section */

/* Begin PBXGroup section */
		9912DA551CAE4FCD00BFE3BE = {
			isa = PBXGroup;
			children = (
				9912DA601CAE4FCE00BFE3BE /* CacheImageUsingNSUserDefault */,
				9912DA5F1CAE4FCE00BFE3BE /* Products */,
			);
			sourceTree = "<group>";
		};
		9912DA5F1CAE4FCE00BFE3BE /* Products */ = {
			isa = PBXGroup;
			children = (
				9912DA5E1CAE4FCE00BFE3BE /* CacheImageUsingNSUserDefault.app */,
			);
			name = Products;
			sourceTree = "<group>";
		};
		9912DA601CAE4FCE00BFE3BE /* CacheImageUsingNSUserDefault */ = {
			isa = PBXGroup;
			children = (
				9912DA611CAE4FCE00BFE3BE /* AppDelegate.swift */,
				9912DA631CAE4FCE00BFE3BE /* ViewController.swift */,
				9912DA651CAE4FCE00BFE3BE /* Main.storyboard */,
				9912DA681CAE4FCE00BFE3BE /* Assets.xcassets */,
				9912DA6A1CAE4FCE00BFE3BE /* LaunchScreen.storyboard */,
				9912DA6D1CAE4FCF00BFE3BE /* Info.plist */,
			);
			path = CacheImageUsingNSUserDefault;
			sourceTree = "<group>";
		};
/* End PBXGroup section */

/* Begin PBXNativeTarget section */
		9912DA5D1CAE4FCE00BFE3BE /* CacheImageUsingNSUserDefault */ = {
			isa = PBXNativeTarget;
			buildConfigurationList = 9912DA701CAE4FCF00BFE3BE /* Build configuration list for PBXNativeTarget "CacheImageUsingNSUserDefault" */;
			buildPhases = (
				9912DA5A1CAE4FCE00BFE3BE /* Sources */,
				9912DA5B1CAE4FCE00BFE3BE /* Frameworks */,
				9912DA5C1CAE4FCE00BFE3BE /* Resources */,
			);
			buildRules = (
			);
			dependencies = (
			);
			name = CacheImageUsingNSUserDefault;
			productName = CacheImageUsingNSUserDefault;
			productReference = 9912DA5E1CAE4FCE00BFE3BE /* CacheImageUsingNSUserDefault.app */;
			productType = "com.apple.product-type.application";
		};
/* End PBXNativeTarget section */

/* Begin PBXProject section */
		9912DA561CAE4FCD00BFE3BE /* Project object */ = {
			isa = PBXProject;
			attributes = {
				LastSwiftUpdateCheck = 0720;
				LastUpgradeCheck = 0720;
				ORGANIZATIONNAME = Fantageek;
				TargetAttributes = {
					9912DA5D1CAE4FCE00BFE3BE = {
						CreatedOnToolsVersion = 7.2;
					};
				};
			};
			buildConfigurationList = 9912DA591CAE4FCD00BFE3BE /* Build configuration list for PBXProject "CacheImageUsingNSUserDefault" */;
			compatibilityVersion = "Xcode 3.2";
			developmentRegion = English;
			hasScannedForEncodings = 0;
			knownRegions = (
				en,
				Base,
			);
			mainGroup = 9912DA551CAE4FCD00BFE3BE;
			productRefGroup = 9912DA5F1CAE4FCE00BFE3BE /* Products */;
			projectDirPath = "";
			projectRoot = "";
			targets = (
				9912DA5D1CAE4FCE00BFE3BE /* CacheImageUsingNSUserDefault */,
			);
		};
/* End PBXProject section */

/* Begin PBXResourcesBuildPhase section */
		9912DA5C1CAE4FCE00BFE3BE /* Resources */ = {
			isa = PBXResourcesBuildPhase;
			buildActionMask = 2147483647;
			files = (
				9912DA6C1CAE4FCE00BFE3BE /* LaunchScreen.storyboard in Resources */,
				9912DA691CAE4FCE00BFE3BE /* Assets.xcassets in Resources */,
				9912DA671CAE4FCE00BFE3BE /* Main.storyboard in Resources */,
			);
			runOnlyForDeploymentPostprocessing = 0;
		};
/* End PBXResourcesBuildPhase section */

/* Begin PBXSourcesBuildPhase section */
		9912DA5A1CAE4FCE00BFE3BE /* Sources */ = {
			isa = PBXSourcesBuildPhase;
			buildActionMask = 2147483647;
			files = (
				9912DA641CAE4FCE00BFE3BE /* ViewController.swift in Sources */,
				9912DA621CAE4FCE00BFE3BE /* AppDelegate.swift in Sources */,
			);
			runOnlyForDeploymentPostprocessing = 0;
		};
/* End PBXSourcesBuildPhase section */

/* Begin PBXVariantGroup section */
		9912DA651CAE4FCE00BFE3BE /* Main.storyboard */ = {
			isa = PBXVariantGroup;
			children = (
				9912DA661CAE4FCE00BFE3BE /* Base */,
			);
			name = Main.storyboard;
			sourceTree = "<group>";
		};
		9912DA6A1CAE4FCE00BFE3BE /* LaunchScreen.storyboard */ = {
			isa = PBXVariantGroup;
			children = (
				9912DA6B1CAE4FCE00BFE3BE /* Base */,
			);
			name = LaunchScreen.storyboard;
			sourceTree = "<group>";
		};
/* End PBXVariantGroup section */

/* Begin XCBuildConfiguration section */
		9912DA6E1CAE4FCF00BFE3BE /* Debug */ = {
			isa = XCBuildConfiguration;
			buildSettings = {
				ALWAYS_SEARCH_USER_PATHS = NO;
				CLANG_CXX_LANGUAGE_STANDARD = "gnu++0x";
				CLANG_CXX_LIBRARY = "libc++";
				CLANG_ENABLE_MODULES = YES;
				CLANG_ENABLE_OBJC_ARC = YES;
				CLANG_WARN_BOOL_CONVERSION = YES;
				CLANG_WARN_CONSTANT_CONVERSION = YES;
				CLANG_WARN_DIRECT_OBJC_ISA_USAGE = YES_ERROR;
				CLANG_WARN_EMPTY_BODY = YES;
				CLANG_WARN_ENUM_CONVERSION = YES;
				CLANG_WARN_INT_CONVERSION = YES;
				CLANG_WARN_OBJC_ROOT_CLASS = YES_ERROR;
				CLANG_WARN_UNREACHABLE_CODE = YES;
				CLANG_WARN__DUPLICATE_METHOD_MATCH = YES;
				"CODE_SIGN_IDENTITY[sdk=iphoneos*]" = "iPhone Developer";
				COPY_PHASE_STRIP = NO;
				DEBUG_INFORMATION_FORMAT = dwarf;
				ENABLE_STRICT_OBJC_MSGSEND = YES;
				ENABLE_TESTABILITY = YES;
				GCC_C_LANGUAGE_STANDARD = gnu99;
				GCC_DYNAMIC_NO_PIC = NO;
				GCC_NO_COMMON_BLOCKS = YES;
				GCC_OPTIMIZATION_LEVEL = 0;
				GCC_PREPROCESSOR_DEFINITIONS = (
					"DEBUG=1",
					"$(inherited)",
				);
				GCC_WARN_64_TO_32_BIT_CONVERSION = YES;
				GCC_WARN_ABOUT_RETURN_TYPE = YES_ERROR;
				GCC_WARN_UNDECLARED_SELECTOR = YES;
				GCC_WARN_UNINITIALIZED_AUTOS = YES_AGGRESSIVE;
				GCC_WARN_UNUSED_FUNCTION = YES;
				GCC_WARN_UNUSED_VARIABLE = YES;
				IPHONEOS_DEPLOYMENT_TARGET = 9.2;
				MTL_ENABLE_DEBUG_INFO = YES;
				ONLY_ACTIVE_ARCH = YES;
				SDKROOT = iphoneos;
				SWIFT_OPTIMIZATION_LEVEL = "-Onone";
			};
			name = Debug;
		};
		9912DA6F1CAE4FCF00BFE3BE /* Release */ = {
			isa = XCBuildConfiguration;
			buildSettings = {
				ALWAYS_SEARCH_USER_PATHS = NO;
				CLANG_CXX_LANGUAGE_STANDARD = "gnu++0x";
				CLANG_CXX_LIBRARY = "libc++";
				CLANG_ENABLE_MODULES = YES;
				CLANG_ENABLE_OBJC_ARC = YES;
				CLANG_WARN_BOOL_CONVERSION = YES;
				CLANG_WARN_CONSTANT_CONVERSION = YES;
				CLANG_WARN_DIRECT_OBJC_ISA_USAGE = YES_ERROR;
				CLANG_WARN_EMPTY_BODY = YES;
				CLANG_WARN_ENUM_CONVERSION = YES;
				CLANG_WARN_INT_CONVERSION = YES;
				CLANG_WARN_OBJC_ROOT_CLASS = YES_ERROR;
				CLANG_WARN_UNREACHABLE_CODE = YES;
				CLANG_WARN__DUPLICATE_METHOD_MATCH = YES;
				"CODE_SIGN_IDENTITY[sdk=iphoneos*]" = "iPhone Developer";
				COPY_PHASE_STRIP = NO;
				DEBUG_INFORMATION_FORMAT = "dwarf-with-dsym";
				ENABLE_NS_ASSERTIONS = NO;
				ENABLE_STRICT_OBJC_MSGSEND = YES;
				GCC_C_LANGUAGE_STANDARD = gnu99;
				GCC_NO_COMMON_BLOCKS = YES;
				GCC_WARN_64_TO_32_BIT_CONVERSION = YES;
				GCC_WARN_ABOUT_RETURN_TYPE = YES_ERROR;
				GCC_WARN_UNDECLARED_SELECTOR = YES;
				GCC_WARN_UNINITIALIZED_AUTOS = YES_AGGRESSIVE;
				GCC_WARN_UNUSED_FUNCTION = YES;
				GCC_WARN_UNUSED_VARIABLE = YES;
				IPHONEOS_DEPLOYMENT_TARGET = 9.2;
				MTL_ENABLE_DEBUG_INFO = NO;
				SDKROOT = iphoneos;
				VALIDATE_PRODUCT = YES;
			};
			name = Release;
		};
		9912DA711CAE4FCF00BFE3BE /* Debug */ = {
			isa = XCBuildConfiguration;
			buildSettings = {
				ASSETCATALOG_COMPILER_APPICON_NAME = AppIcon;
				INFOPLIST_FILE = CacheImageUsingNSUserDefault/Info.plist;
				LD_RUNPATH_SEARCH_PATHS = "$(inherited) @executable_path/Frameworks";
				PRODUCT_BUNDLE_IDENTIFIER = com.fantageek.CacheImageUsingNSUserDefault;
				PRODUCT_NAME = "$(TARGET_NAME)";
			};
			name = Debug;
		};
		9912DA721CAE4FCF00BFE3BE /* Release */ = {
			isa = XCBuildConfiguration;
			buildSettings = {
				ASSETCATALOG_COMPILER_APPICON_NAME = AppIcon;
				INFOPLIST_FILE = CacheImageUsingNSUserDefault/Info.plist;
				LD_RUNPATH_SEARCH_PATHS = "$(inherited) @executable_path/Frameworks";
				PRODUCT_BUNDLE_IDENTIFIER = com.fantageek.CacheImageUsingNSUserDefault;
				PRODUCT_NAME = "$(TARGET_NAME)";
			};
			name = Release;
		};
/* End XCBuildConfiguration section */

/* Begin XCConfigurationList section */
		9912DA591CAE4FCD00BFE3BE /* Build configuration list for PBXProject "CacheImageUsingNSUserDefault" */ = {
			isa = XCConfigurationList;
			buildConfigurations = (
				9912DA6E1CAE4FCF00BFE3BE /* Debug */,
				9912DA6F1CAE4FCF00BFE3BE /* Release */,
			);
			defaultConfigurationIsVisible = 0;
			defaultConfigurationName = Release;
		};
		9912DA701CAE4FCF00BFE3BE /* Build configuration list for PBXNativeTarget "CacheImageUsingNSUserDefault" */ = {
			isa = XCConfigurationList;
			buildConfigurations = (
				9912DA711CAE4FCF00BFE3BE /* Debug */,
				9912DA721CAE4FCF00BFE3BE /* Release */,
			);
			defaultConfigurationIsVisible = 0;
		};
/* End XCConfigurationList section */
	};
	rootObject = 9912DA561CAE4FCD00BFE3BE /* Project object */;
}
