// !$*UTF8*$!
{
	archiveVersion = 1;
	classes = {
	};
	objectVersion = 46;
	objects = {

/* Begin PBXBuildFile section */
		9967C2241CC8D4B800291739 /* AppDelegate.swift in Sources */ = {isa = PBXBuildFile; fileRef = 9967C2231CC8D4B800291739 /* AppDelegate.swift */; };
		9967C2261CC8D4B800291739 /* ViewController.swift in Sources */ = {isa = PBXBuildFile; fileRef = 9967C2251CC8D4B800291739 /* ViewController.swift */; };
		9967C2291CC8D4B800291739 /* Main.storyboard in Resources */ = {isa = PBXBuildFile; fileRef = 9967C2271CC8D4B800291739 /* Main.storyboard */; };
		9967C22B1CC8D4B800291739 /* Assets.xcassets in Resources */ = {isa = PBXBuildFile; fileRef = 9967C22A1CC8D4B800291739 /* Assets.xcassets */; };
		9967C22E1CC8D4B800291739 /* LaunchScreen.storyboard in Resources */ = {isa = PBXBuildFile; fileRef = 9967C22C1CC8D4B800291739 /* LaunchScreen.storyboard */; };
/* End PBXBuildFile section */

/* Begin PBXFileReference section */
		9967C2201CC8D4B700291739 /* AddConstraintsProgrammatically.app */ = {isa = PBXFileReference; explicitFileType = wrapper.application; includeInIndex = 0; path = AddConstraintsProgrammatically.app; sourceTree = BUILT_PRODUCTS_DIR; };
		9967C2231CC8D4B800291739 /* AppDelegate.swift */ = {isa = PBXFileReference; lastKnownFileType = sourcecode.swift; path = AppDelegate.swift; sourceTree = "<group>"; };
		9967C2251CC8D4B800291739 /* ViewController.swift */ = {isa = PBXFileReference; lastKnownFileType = sourcecode.swift; path = ViewController.swift; sourceTree = "<group>"; };
		9967C2281CC8D4B800291739 /* Base */ = {isa = PBXFileReference; lastKnownFileType = file.storyboard; name = Base; path = Base.lproj/Main.storyboard; sourceTree = "<group>"; };
		9967C22A1CC8D4B800291739 /* Assets.xcassets */ = {isa = PBXFileReference; lastKnownFileType = folder.assetcatalog; path = Assets.xcassets; sourceTree = "<group>"; };
		9967C22D1CC8D4B800291739 /* Base */ = {isa = PBXFileReference; lastKnownFileType = file.storyboard; name = Base; path = Base.lproj/LaunchScreen.storyboard; sourceTree = "<group>"; };
		9967C22F1CC8D4B800291739 /* Info.plist */ = {isa = PBXFileReference; lastKnownFileType = text.plist.xml; path = Info.plist; sourceTree = "<group>"; };
/* End PBXFileReference section */

/* Begin PBXFrameworksBuildPhase section */
		9967C21D1CC8D4B700291739 /* Frameworks */ = {
			isa = PBXFrameworksBuildPhase;
			buildActionMask = 2147483647;
			files = (
			);
			runOnlyForDeploymentPostprocessing = 0;
		};
/* End PBXFrameworksBuildPhase section */

/* Begin PBXGroup section */
		9967C2171CC8D4B700291739 = {
			isa = PBXGroup;
			children = (
				9967C2221CC8D4B800291739 /* AddConstraintsProgrammatically */,
				9967C2211CC8D4B700291739 /* Products */,
			);
			sourceTree = "<group>";
		};
		9967C2211CC8D4B700291739 /* Products */ = {
			isa = PBXGroup;
			children = (
				9967C2201CC8D4B700291739 /* AddConstraintsProgrammatically.app */,
			);
			name = Products;
			sourceTree = "<group>";
		};
		9967C2221CC8D4B800291739 /* AddConstraintsProgrammatically */ = {
			isa = PBXGroup;
			children = (
				9967C2231CC8D4B800291739 /* AppDelegate.swift */,
				9967C2251CC8D4B800291739 /* ViewController.swift */,
				9967C2271CC8D4B800291739 /* Main.storyboard */,
				9967C22A1CC8D4B800291739 /* Assets.xcassets */,
				9967C22C1CC8D4B800291739 /* LaunchScreen.storyboard */,
				9967C22F1CC8D4B800291739 /* Info.plist */,
			);
			path = AddConstraintsProgrammatically;
			sourceTree = "<group>";
		};
/* End PBXGroup section */

/* Begin PBXNativeTarget section */
		9967C21F1CC8D4B700291739 /* AddConstraintsProgrammatically */ = {
			isa = PBXNativeTarget;
			buildConfigurationList = 9967C2321CC8D4B800291739 /* Build configuration list for PBXNativeTarget "AddConstraintsProgrammatically" */;
			buildPhases = (
				9967C21C1CC8D4B700291739 /* Sources */,
				9967C21D1CC8D4B700291739 /* Frameworks */,
				9967C21E1CC8D4B700291739 /* Resources */,
			);
			buildRules = (
			);
			dependencies = (
			);
			name = AddConstraintsProgrammatically;
			productName = AddConstraintsProgrammatically;
			productReference = 9967C2201CC8D4B700291739 /* AddConstraintsProgrammatically.app */;
			productType = "com.apple.product-type.application";
		};
/* End PBXNativeTarget section */

/* Begin PBXProject section */
		9967C2181CC8D4B700291739 /* Project object */ = {
			isa = PBXProject;
			attributes = {
				LastSwiftUpdateCheck = 0730;
				LastUpgradeCheck = 0730;
				ORGANIZATIONNAME = Fantageek;
				TargetAttributes = {
					9967C21F1CC8D4B700291739 = {
						CreatedOnToolsVersion = 7.3;
					};
				};
			};
			buildConfigurationList = 9967C21B1CC8D4B700291739 /* Build configuration list for PBXProject "AddConstraintsProgrammatically" */;
			compatibilityVersion = "Xcode 3.2";
			developmentRegion = English;
			hasScannedForEncodings = 0;
			knownRegions = (
				en,
				Base,
			);
			mainGroup = 9967C2171CC8D4B700291739;
			productRefGroup = 9967C2211CC8D4B700291739 /* Products */;
			projectDirPath = "";
			projectRoot = "";
			targets = (
				9967C21F1CC8D4B700291739 /* AddConstraintsProgrammatically */,
			);
		};
/* End PBXProject section */

/* Begin PBXResourcesBuildPhase section */
		9967C21E1CC8D4B700291739 /* Resources */ = {
			isa = PBXResourcesBuildPhase;
			buildActionMask = 2147483647;
			files = (
				9967C22E1CC8D4B800291739 /* LaunchScreen.storyboard in Resources */,
				9967C22B1CC8D4B800291739 /* Assets.xcassets in Resources */,
				9967C2291CC8D4B800291739 /* Main.storyboard in Resources */,
			);
			runOnlyForDeploymentPostprocessing = 0;
		};
/* End PBXResourcesBuildPhase section */

/* Begin PBXSourcesBuildPhase section */
		9967C21C1CC8D4B700291739 /* Sources */ = {
			isa = PBXSourcesBuildPhase;
			buildActionMask = 2147483647;
			files = (
				9967C2261CC8D4B800291739 /* ViewController.swift in Sources */,
				9967C2241CC8D4B800291739 /* AppDelegate.swift in Sources */,
			);
			runOnlyForDeploymentPostprocessing = 0;
		};
/* End PBXSourcesBuildPhase section */

/* Begin PBXVariantGroup section */
		9967C2271CC8D4B800291739 /* Main.storyboard */ = {
			isa = PBXVariantGroup;
			children = (
				9967C2281CC8D4B800291739 /* Base */,
			);
			name = Main.storyboard;
			sourceTree = "<group>";
		};
		9967C22C1CC8D4B800291739 /* LaunchScreen.storyboard */ = {
			isa = PBXVariantGroup;
			children = (
				9967C22D1CC8D4B800291739 /* Base */,
			);
			name = LaunchScreen.storyboard;
			sourceTree = "<group>";
		};
/* End PBXVariantGroup section */

/* Begin XCBuildConfiguration section */
		9967C2301CC8D4B800291739 /* Debug */ = {
			isa = XCBuildConfiguration;
			buildSettings = {
				ALWAYS_SEARCH_USER_PATHS = NO;
				CLANG_ANALYZER_NONNULL = YES;
				CLANG_CXX_LANGUAGE_STANDARD = "gnu++0x";
				CLANG_CXX_LIBRARY = "libc++";
				CLANG_ENABLE_MODULES = YES;
				CLANG_ENABLE_OBJC_ARC = YES;
				CLANG_WARN_BOOL_CONVERSION = YES;
				CLANG_WARN_CONSTANT_CONVERSION = YES;
				CLANG_WARN_DIRECT_OBJC_ISA_USAGE = YES_ERROR;
				CLANG_WARN_EMPTY_BODY = YES;
				CLANG_WARN_ENUM_CONVERSION = YES;
				CLANG_WARN_INT_CONVERSION = YES;
				CLANG_WARN_OBJC_ROOT_CLASS = YES_ERROR;
				CLANG_WARN_UNREACHABLE_CODE = YES;
				CLANG_WARN__DUPLICATE_METHOD_MATCH = YES;
				"CODE_SIGN_IDENTITY[sdk=iphoneos*]" = "iPhone Developer";
				COPY_PHASE_STRIP = NO;
				DEBUG_INFORMATION_FORMAT = dwarf;
				ENABLE_STRICT_OBJC_MSGSEND = YES;
				ENABLE_TESTABILITY = YES;
				GCC_C_LANGUAGE_STANDARD = gnu99;
				GCC_DYNAMIC_NO_PIC = NO;
				GCC_NO_COMMON_BLOCKS = YES;
				GCC_OPTIMIZATION_LEVEL = 0;
				GCC_PREPROCESSOR_DEFINITIONS = (
					"DEBUG=1",
					"$(inherited)",
				);
				GCC_WARN_64_TO_32_BIT_CONVERSION = YES;
				GCC_WARN_ABOUT_RETURN_TYPE = YES_ERROR;
				GCC_WARN_UNDECLARED_SELECTOR = YES;
				GCC_WARN_UNINITIALIZED_AUTOS = YES_AGGRESSIVE;
				GCC_WARN_UNUSED_FUNCTION = YES;
				GCC_WARN_UNUSED_VARIABLE = YES;
				IPHONEOS_DEPLOYMENT_TARGET = 9.3;
				MTL_ENABLE_DEBUG_INFO = YES;
				ONLY_ACTIVE_ARCH = YES;
				SDKROOT = iphoneos;
				SWIFT_OPTIMIZATION_LEVEL = "-Onone";
			};
			name = Debug;
		};
		9967C2311CC8D4B800291739 /* Release */ = {
			isa = XCBuildConfiguration;
			buildSettings = {
				ALWAYS_SEARCH_USER_PATHS = NO;
				CLANG_ANALYZER_NONNULL = YES;
				CLANG_CXX_LANGUAGE_STANDARD = "gnu++0x";
				CLANG_CXX_LIBRARY = "libc++";
				CLANG_ENABLE_MODULES = YES;
				CLANG_ENABLE_OBJC_ARC = YES;
				CLANG_WARN_BOOL_CONVERSION = YES;
				CLANG_WARN_CONSTANT_CONVERSION = YES;
				CLANG_WARN_DIRECT_OBJC_ISA_USAGE = YES_ERROR;
				CLANG_WARN_EMPTY_BODY = YES;
				CLANG_WARN_ENUM_CONVERSION = YES;
				CLANG_WARN_INT_CONVERSION = YES;
				CLANG_WARN_OBJC_ROOT_CLASS = YES_ERROR;
				CLANG_WARN_UNREACHABLE_CODE = YES;
				CLANG_WARN__DUPLICATE_METHOD_MATCH = YES;
				"CODE_SIGN_IDENTITY[sdk=iphoneos*]" = "iPhone Developer";
				COPY_PHASE_STRIP = NO;
				DEBUG_INFORMATION_FORMAT = "dwarf-with-dsym";
				ENABLE_NS_ASSERTIONS = NO;
				ENABLE_STRICT_OBJC_MSGSEND = YES;
				GCC_C_LANGUAGE_STANDARD = gnu99;
				GCC_NO_COMMON_BLOCKS = YES;
				GCC_WARN_64_TO_32_BIT_CONVERSION = YES;
				GCC_WARN_ABOUT_RETURN_TYPE = YES_ERROR;
				GCC_WARN_UNDECLARED_SELECTOR = YES;
				GCC_WARN_UNINITIALIZED_AUTOS = YES_AGGRESSIVE;
				GCC_WARN_UNUSED_FUNCTION = YES;
				GCC_WARN_UNUSED_VARIABLE = YES;
				IPHONEOS_DEPLOYMENT_TARGET = 9.3;
				MTL_ENABLE_DEBUG_INFO = NO;
				SDKROOT = iphoneos;
				VALIDATE_PRODUCT = YES;
			};
			name = Release;
		};
		9967C2331CC8D4B800291739 /* Debug */ = {
			isa = XCBuildConfiguration;
			buildSettings = {
				ASSETCATALOG_COMPILER_APPICON_NAME = AppIcon;
				INFOPLIST_FILE = AddConstraintsProgrammatically/Info.plist;
				LD_RUNPATH_SEARCH_PATHS = "$(inherited) @executable_path/Frameworks";
				PRODUCT_BUNDLE_IDENTIFIER = com.fantageek.AddConstraintsProgrammatically;
				PRODUCT_NAME = "$(TARGET_NAME)";
			};
			name = Debug;
		};
		9967C2341CC8D4B800291739 /* Release */ = {
			isa = XCBuildConfiguration;
			buildSettings = {
				ASSETCATALOG_COMPILER_APPICON_NAME = AppIcon;
				INFOPLIST_FILE = AddConstraintsProgrammatically/Info.plist;
				LD_RUNPATH_SEARCH_PATHS = "$(inherited) @executable_path/Frameworks";
				PRODUCT_BUNDLE_IDENTIFIER = com.fantageek.AddConstraintsProgrammatically;
				PRODUCT_NAME = "$(TARGET_NAME)";
			};
			name = Release;
		};
/* End XCBuildConfiguration section */

/* Begin XCConfigurationList section */
		9967C21B1CC8D4B700291739 /* Build configuration list for PBXProject "AddConstraintsProgrammatically" */ = {
			isa = XCConfigurationList;
			buildConfigurations = (
				9967C2301CC8D4B800291739 /* Debug */,
				9967C2311CC8D4B800291739 /* Release */,
			);
			defaultConfigurationIsVisible = 0;
			defaultConfigurationName = Release;
		};
		9967C2321CC8D4B800291739 /* Build configuration list for PBXNativeTarget "AddConstraintsProgrammatically" */ = {
			isa = XCConfigurationList;
			buildConfigurations = (
				9967C2331CC8D4B800291739 /* Debug */,
				9967C2341CC8D4B800291739 /* Release */,
			);
			defaultConfigurationIsVisible = 0;
		};
/* End XCConfigurationList section */
	};
	rootObject = 9967C2181CC8D4B700291739 /* Project object */;
}
