// !$*UTF8*$!
{
	archiveVersion = 1;
	classes = {
	};
	objectVersion = 46;
	objects = {

/* Begin PBXBuildFile section */
		997B5BF21D90EFCD00099737 /* AppDelegate.swift in Sources */ = {isa = PBXBuildFile; fileRef = 997B5BF11D90EFCD00099737 /* AppDelegate.swift */; };
		997B5BF41D90EFCD00099737 /* ViewController.swift in Sources */ = {isa = PBXBuildFile; fileRef = 997B5BF31D90EFCD00099737 /* ViewController.swift */; };
		997B5BF71D90EFCD00099737 /* Main.storyboard in Resources */ = {isa = PBXBuildFile; fileRef = 997B5BF51D90EFCD00099737 /* Main.storyboard */; };
		997B5BF91D90EFCD00099737 /* Assets.xcassets in Resources */ = {isa = PBXBuildFile; fileRef = 997B5BF81D90EFCD00099737 /* Assets.xcassets */; };
		997B5BFC1D90EFCD00099737 /* LaunchScreen.storyboard in Resources */ = {isa = PBXBuildFile; fileRef = 997B5BFA1D90EFCD00099737 /* LaunchScreen.storyboard */; };
/* End PBXBuildFile section */

/* Begin PBXFileReference section */
		997B5BEE1D90EFCC00099737 /* Project77 - CachingImages.app */ = {isa = PBXFileReference; explicitFileType = wrapper.application; includeInIndex = 0; path = "Project77 - CachingImages.app"; sourceTree = BUILT_PRODUCTS_DIR; };
		997B5BF11D90EFCD00099737 /* AppDelegate.swift */ = {isa = PBXFileReference; lastKnownFileType = sourcecode.swift; path = AppDelegate.swift; sourceTree = "<group>"; };
		997B5BF31D90EFCD00099737 /* ViewController.swift */ = {isa = PBXFileReference; lastKnownFileType = sourcecode.swift; path = ViewController.swift; sourceTree = "<group>"; };
		997B5BF61D90EFCD00099737 /* Base */ = {isa = PBXFileReference; lastKnownFileType = file.storyboard; name = Base; path = Base.lproj/Main.storyboard; sourceTree = "<group>"; };
		997B5BF81D90EFCD00099737 /* Assets.xcassets */ = {isa = PBXFileReference; lastKnownFileType = folder.assetcatalog; path = Assets.xcassets; sourceTree = "<group>"; };
		997B5BFB1D90EFCD00099737 /* Base */ = {isa = PBXFileReference; lastKnownFileType = file.storyboard; name = Base; path = Base.lproj/LaunchScreen.storyboard; sourceTree = "<group>"; };
		997B5BFD1D90EFCD00099737 /* Info.plist */ = {isa = PBXFileReference; lastKnownFileType = text.plist.xml; path = Info.plist; sourceTree = "<group>"; };
/* End PBXFileReference section */

/* Begin PBXFrameworksBuildPhase section */
		997B5BEB1D90EFCC00099737 /* Frameworks */ = {
			isa = PBXFrameworksBuildPhase;
			buildActionMask = 2147483647;
			files = (
			);
			runOnlyForDeploymentPostprocessing = 0;
		};
/* End PBXFrameworksBuildPhase section */

/* Begin PBXGroup section */
		997B5BE51D90EFCC00099737 = {
			isa = PBXGroup;
			children = (
				997B5BF01D90EFCD00099737 /* Project77 - CachingImages */,
				997B5BEF1D90EFCC00099737 /* Products */,
			);
			sourceTree = "<group>";
		};
		997B5BEF1D90EFCC00099737 /* Products */ = {
			isa = PBXGroup;
			children = (
				997B5BEE1D90EFCC00099737 /* Project77 - CachingImages.app */,
			);
			name = Products;
			sourceTree = "<group>";
		};
		997B5BF01D90EFCD00099737 /* Project77 - CachingImages */ = {
			isa = PBXGroup;
			children = (
				997B5BF11D90EFCD00099737 /* AppDelegate.swift */,
				997B5BF31D90EFCD00099737 /* ViewController.swift */,
				997B5BF51D90EFCD00099737 /* Main.storyboard */,
				997B5BF81D90EFCD00099737 /* Assets.xcassets */,
				997B5BFA1D90EFCD00099737 /* LaunchScreen.storyboard */,
				997B5BFD1D90EFCD00099737 /* Info.plist */,
			);
			path = "Project77 - CachingImages";
			sourceTree = "<group>";
		};
/* End PBXGroup section */

/* Begin PBXNativeTarget section */
		997B5BED1D90EFCC00099737 /* Project77 - CachingImages */ = {
			isa = PBXNativeTarget;
			buildConfigurationList = 997B5C001D90EFCD00099737 /* Build configuration list for PBXNativeTarget "Project77 - CachingImages" */;
			buildPhases = (
				997B5BEA1D90EFCC00099737 /* Sources */,
				997B5BEB1D90EFCC00099737 /* Frameworks */,
				997B5BEC1D90EFCC00099737 /* Resources */,
			);
			buildRules = (
			);
			dependencies = (
			);
			name = "Project77 - CachingImages";
			productName = "Project77 - CachingImages";
			productReference = 997B5BEE1D90EFCC00099737 /* Project77 - CachingImages.app */;
			productType = "com.apple.product-type.application";
		};
/* End PBXNativeTarget section */

/* Begin PBXProject section */
		997B5BE61D90EFCC00099737 /* Project object */ = {
			isa = PBXProject;
			attributes = {
				LastSwiftUpdateCheck = 0730;
				LastUpgradeCheck = 0730;
				ORGANIZATIONNAME = Fantageek;
				TargetAttributes = {
					997B5BED1D90EFCC00099737 = {
						CreatedOnToolsVersion = 7.3;
					};
				};
			};
			buildConfigurationList = 997B5BE91D90EFCC00099737 /* Build configuration list for PBXProject "Project77 - CachingImages" */;
			compatibilityVersion = "Xcode 3.2";
			developmentRegion = English;
			hasScannedForEncodings = 0;
			knownRegions = (
				en,
				Base,
			);
			mainGroup = 997B5BE51D90EFCC00099737;
			productRefGroup = 997B5BEF1D90EFCC00099737 /* Products */;
			projectDirPath = "";
			projectRoot = "";
			targets = (
				997B5BED1D90EFCC00099737 /* Project77 - CachingImages */,
			);
		};
/* End PBXProject section */

/* Begin PBXResourcesBuildPhase section */
		997B5BEC1D90EFCC00099737 /* Resources */ = {
			isa = PBXResourcesBuildPhase;
			buildActionMask = 2147483647;
			files = (
				997B5BFC1D90EFCD00099737 /* LaunchScreen.storyboard in Resources */,
				997B5BF91D90EFCD00099737 /* Assets.xcassets in Resources */,
				997B5BF71D90EFCD00099737 /* Main.storyboard in Resources */,
			);
			runOnlyForDeploymentPostprocessing = 0;
		};
/* End PBXResourcesBuildPhase section */

/* Begin PBXSourcesBuildPhase section */
		997B5BEA1D90EFCC00099737 /* Sources */ = {
			isa = PBXSourcesBuildPhase;
			buildActionMask = 2147483647;
			files = (
				997B5BF41D90EFCD00099737 /* ViewController.swift in Sources */,
				997B5BF21D90EFCD00099737 /* AppDelegate.swift in Sources */,
			);
			runOnlyForDeploymentPostprocessing = 0;
		};
/* End PBXSourcesBuildPhase section */

/* Begin PBXVariantGroup section */
		997B5BF51D90EFCD00099737 /* Main.storyboard */ = {
			isa = PBXVariantGroup;
			children = (
				997B5BF61D90EFCD00099737 /* Base */,
			);
			name = Main.storyboard;
			sourceTree = "<group>";
		};
		997B5BFA1D90EFCD00099737 /* LaunchScreen.storyboard */ = {
			isa = PBXVariantGroup;
			children = (
				997B5BFB1D90EFCD00099737 /* Base */,
			);
			name = LaunchScreen.storyboard;
			sourceTree = "<group>";
		};
/* End PBXVariantGroup section */

/* Begin XCBuildConfiguration section */
		997B5BFE1D90EFCD00099737 /* Debug */ = {
			isa = XCBuildConfiguration;
			buildSettings = {
				ALWAYS_SEARCH_USER_PATHS = NO;
				CLANG_ANALYZER_NONNULL = YES;
				CLANG_CXX_LANGUAGE_STANDARD = "gnu++0x";
				CLANG_CXX_LIBRARY = "libc++";
				CLANG_ENABLE_MODULES = YES;
				CLANG_ENABLE_OBJC_ARC = YES;
				CLANG_WARN_BOOL_CONVERSION = YES;
				CLANG_WARN_CONSTANT_CONVERSION = YES;
				CLANG_WARN_DIRECT_OBJC_ISA_USAGE = YES_ERROR;
				CLANG_WARN_EMPTY_BODY = YES;
				CLANG_WARN_ENUM_CONVERSION = YES;
				CLANG_WARN_INT_CONVERSION = YES;
				CLANG_WARN_OBJC_ROOT_CLASS = YES_ERROR;
				CLANG_WARN_UNREACHABLE_CODE = YES;
				CLANG_WARN__DUPLICATE_METHOD_MATCH = YES;
				"CODE_SIGN_IDENTITY[sdk=iphoneos*]" = "iPhone Developer";
				COPY_PHASE_STRIP = NO;
				DEBUG_INFORMATION_FORMAT = dwarf;
				ENABLE_STRICT_OBJC_MSGSEND = YES;
				ENABLE_TESTABILITY = YES;
				GCC_C_LANGUAGE_STANDARD = gnu99;
				GCC_DYNAMIC_NO_PIC = NO;
				GCC_NO_COMMON_BLOCKS = YES;
				GCC_OPTIMIZATION_LEVEL = 0;
				GCC_PREPROCESSOR_DEFINITIONS = (
					"DEBUG=1",
					"$(inherited)",
				);
				GCC_WARN_64_TO_32_BIT_CONVERSION = YES;
				GCC_WARN_ABOUT_RETURN_TYPE = YES_ERROR;
				GCC_WARN_UNDECLARED_SELECTOR = YES;
				GCC_WARN_UNINITIALIZED_AUTOS = YES_AGGRESSIVE;
				GCC_WARN_UNUSED_FUNCTION = YES;
				GCC_WARN_UNUSED_VARIABLE = YES;
				IPHONEOS_DEPLOYMENT_TARGET = 9.3;
				MTL_ENABLE_DEBUG_INFO = YES;
				ONLY_ACTIVE_ARCH = YES;
				SDKROOT = iphoneos;
				SWIFT_OPTIMIZATION_LEVEL = "-Onone";
			};
			name = Debug;
		};
		997B5BFF1D90EFCD00099737 /* Release */ = {
			isa = XCBuildConfiguration;
			buildSettings = {
				ALWAYS_SEARCH_USER_PATHS = NO;
				CLANG_ANALYZER_NONNULL = YES;
				CLANG_CXX_LANGUAGE_STANDARD = "gnu++0x";
				CLANG_CXX_LIBRARY = "libc++";
				CLANG_ENABLE_MODULES = YES;
				CLANG_ENABLE_OBJC_ARC = YES;
				CLANG_WARN_BOOL_CONVERSION = YES;
				CLANG_WARN_CONSTANT_CONVERSION = YES;
				CLANG_WARN_DIRECT_OBJC_ISA_USAGE = YES_ERROR;
				CLANG_WARN_EMPTY_BODY = YES;
				CLANG_WARN_ENUM_CONVERSION = YES;
				CLANG_WARN_INT_CONVERSION = YES;
				CLANG_WARN_OBJC_ROOT_CLASS = YES_ERROR;
				CLANG_WARN_UNREACHABLE_CODE = YES;
				CLANG_WARN__DUPLICATE_METHOD_MATCH = YES;
				"CODE_SIGN_IDENTITY[sdk=iphoneos*]" = "iPhone Developer";
				COPY_PHASE_STRIP = NO;
				DEBUG_INFORMATION_FORMAT = "dwarf-with-dsym";
				ENABLE_NS_ASSERTIONS = NO;
				ENABLE_STRICT_OBJC_MSGSEND = YES;
				GCC_C_LANGUAGE_STANDARD = gnu99;
				GCC_NO_COMMON_BLOCKS = YES;
				GCC_WARN_64_TO_32_BIT_CONVERSION = YES;
				GCC_WARN_ABOUT_RETURN_TYPE = YES_ERROR;
				GCC_WARN_UNDECLARED_SELECTOR = YES;
				GCC_WARN_UNINITIALIZED_AUTOS = YES_AGGRESSIVE;
				GCC_WARN_UNUSED_FUNCTION = YES;
				GCC_WARN_UNUSED_VARIABLE = YES;
				IPHONEOS_DEPLOYMENT_TARGET = 9.3;
				MTL_ENABLE_DEBUG_INFO = NO;
				SDKROOT = iphoneos;
				VALIDATE_PRODUCT = YES;
			};
			name = Release;
		};
		997B5C011D90EFCD00099737 /* Debug */ = {
			isa = XCBuildConfiguration;
			buildSettings = {
				ASSETCATALOG_COMPILER_APPICON_NAME = AppIcon;
				CODE_SIGN_IDENTITY = "iPhone Developer";
				INFOPLIST_FILE = "Project77 - CachingImages/Info.plist";
				LD_RUNPATH_SEARCH_PATHS = "$(inherited) @executable_path/Frameworks";
				PRODUCT_BUNDLE_IDENTIFIER = "com.fantageek.Project77---CachingImages";
				PRODUCT_NAME = "$(TARGET_NAME)";
			};
			name = Debug;
		};
		997B5C021D90EFCD00099737 /* Release */ = {
			isa = XCBuildConfiguration;
			buildSettings = {
				ASSETCATALOG_COMPILER_APPICON_NAME = AppIcon;
				CODE_SIGN_IDENTITY = "iPhone Developer";
				INFOPLIST_FILE = "Project77 - CachingImages/Info.plist";
				LD_RUNPATH_SEARCH_PATHS = "$(inherited) @executable_path/Frameworks";
				PRODUCT_BUNDLE_IDENTIFIER = "com.fantageek.Project77---CachingImages";
				PRODUCT_NAME = "$(TARGET_NAME)";
			};
			name = Release;
		};
/* End XCBuildConfiguration section */

/* Begin XCConfigurationList section */
		997B5BE91D90EFCC00099737 /* Build configuration list for PBXProject "Project77 - CachingImages" */ = {
			isa = XCConfigurationList;
			buildConfigurations = (
				997B5BFE1D90EFCD00099737 /* Debug */,
				997B5BFF1D90EFCD00099737 /* Release */,
			);
			defaultConfigurationIsVisible = 0;
			defaultConfigurationName = Release;
		};
		997B5C001D90EFCD00099737 /* Build configuration list for PBXNativeTarget "Project77 - CachingImages" */ = {
			isa = XCConfigurationList;
			buildConfigurations = (
				997B5C011D90EFCD00099737 /* Debug */,
				997B5C021D90EFCD00099737 /* Release */,
			);
			defaultConfigurationIsVisible = 0;
		};
/* End XCConfigurationList section */
	};
	rootObject = 997B5BE61D90EFCC00099737 /* Project object */;
}
