// !$*UTF8*$!
{
	archiveVersion = 1;
	classes = {
	};
	objectVersion = 46;
	objects = {

/* Begin PBXBuildFile section */
		999987301CFAB33B001CDF10 /* AppDelegate.swift in Sources */ = {isa = PBXBuildFile; fileRef = 9999872F1CFAB33B001CDF10 /* AppDelegate.swift */; };
		999987321CFAB33B001CDF10 /* ViewController.swift in Sources */ = {isa = PBXBuildFile; fileRef = 999987311CFAB33B001CDF10 /* ViewController.swift */; };
		999987351CFAB33B001CDF10 /* Main.storyboard in Resources */ = {isa = PBXBuildFile; fileRef = 999987331CFAB33B001CDF10 /* Main.storyboard */; };
		999987371CFAB33C001CDF10 /* Assets.xcassets in Resources */ = {isa = PBXBuildFile; fileRef = 999987361CFAB33C001CDF10 /* Assets.xcassets */; };
		9999873A1CFAB33C001CDF10 /* LaunchScreen.storyboard in Resources */ = {isa = PBXBuildFile; fileRef = 999987381CFAB33C001CDF10 /* LaunchScreen.storyboard */; };
/* End PBXBuildFile section */

/* Begin PBXFileReference section */
		9999872C1CFAB33B001CDF10 /* CallingAnimation.app */ = {isa = PBXFileReference; explicitFileType = wrapper.application; includeInIndex = 0; path = CallingAnimation.app; sourceTree = BUILT_PRODUCTS_DIR; };
		9999872F1CFAB33B001CDF10 /* AppDelegate.swift */ = {isa = PBXFileReference; lastKnownFileType = sourcecode.swift; path = AppDelegate.swift; sourceTree = "<group>"; };
		999987311CFAB33B001CDF10 /* ViewController.swift */ = {isa = PBXFileReference; lastKnownFileType = sourcecode.swift; path = ViewController.swift; sourceTree = "<group>"; };
		999987341CFAB33B001CDF10 /* Base */ = {isa = PBXFileReference; lastKnownFileType = file.storyboard; name = Base; path = Base.lproj/Main.storyboard; sourceTree = "<group>"; };
		999987361CFAB33C001CDF10 /* Assets.xcassets */ = {isa = PBXFileReference; lastKnownFileType = folder.assetcatalog; path = Assets.xcassets; sourceTree = "<group>"; };
		999987391CFAB33C001CDF10 /* Base */ = {isa = PBXFileReference; lastKnownFileType = file.storyboard; name = Base; path = Base.lproj/LaunchScreen.storyboard; sourceTree = "<group>"; };
		9999873B1CFAB33C001CDF10 /* Info.plist */ = {isa = PBXFileReference; lastKnownFileType = text.plist.xml; path = Info.plist; sourceTree = "<group>"; };
/* End PBXFileReference section */

/* Begin PBXFrameworksBuildPhase section */
		999987291CFAB33B001CDF10 /* Frameworks */ = {
			isa = PBXFrameworksBuildPhase;
			buildActionMask = 2147483647;
			files = (
			);
			runOnlyForDeploymentPostprocessing = 0;
		};
/* End PBXFrameworksBuildPhase section */

/* Begin PBXGroup section */
		999987231CFAB33B001CDF10 = {
			isa = PBXGroup;
			children = (
				9999872E1CFAB33B001CDF10 /* CallingAnimation */,
				9999872D1CFAB33B001CDF10 /* Products */,
			);
			sourceTree = "<group>";
		};
		9999872D1CFAB33B001CDF10 /* Products */ = {
			isa = PBXGroup;
			children = (
				9999872C1CFAB33B001CDF10 /* CallingAnimation.app */,
			);
			name = Products;
			sourceTree = "<group>";
		};
		9999872E1CFAB33B001CDF10 /* CallingAnimation */ = {
			isa = PBXGroup;
			children = (
				9999872F1CFAB33B001CDF10 /* AppDelegate.swift */,
				999987311CFAB33B001CDF10 /* ViewController.swift */,
				999987331CFAB33B001CDF10 /* Main.storyboard */,
				999987361CFAB33C001CDF10 /* Assets.xcassets */,
				999987381CFAB33C001CDF10 /* LaunchScreen.storyboard */,
				9999873B1CFAB33C001CDF10 /* Info.plist */,
			);
			path = CallingAnimation;
			sourceTree = "<group>";
		};
/* End PBXGroup section */

/* Begin PBXNativeTarget section */
		9999872B1CFAB33B001CDF10 /* CallingAnimation */ = {
			isa = PBXNativeTarget;
			buildConfigurationList = 9999873E1CFAB33C001CDF10 /* Build configuration list for PBXNativeTarget "CallingAnimation" */;
			buildPhases = (
				999987281CFAB33B001CDF10 /* Sources */,
				999987291CFAB33B001CDF10 /* Frameworks */,
				9999872A1CFAB33B001CDF10 /* Resources */,
			);
			buildRules = (
			);
			dependencies = (
			);
			name = CallingAnimation;
			productName = CallingAnimation;
			productReference = 9999872C1CFAB33B001CDF10 /* CallingAnimation.app */;
			productType = "com.apple.product-type.application";
		};
/* End PBXNativeTarget section */

/* Begin PBXProject section */
		999987241CFAB33B001CDF10 /* Project object */ = {
			isa = PBXProject;
			attributes = {
				LastSwiftUpdateCheck = 0730;
				LastUpgradeCheck = 0730;
				ORGANIZATIONNAME = Fantageek;
				TargetAttributes = {
					9999872B1CFAB33B001CDF10 = {
						CreatedOnToolsVersion = 7.3;
					};
				};
			};
			buildConfigurationList = 999987271CFAB33B001CDF10 /* Build configuration list for PBXProject "CallingAnimation" */;
			compatibilityVersion = "Xcode 3.2";
			developmentRegion = English;
			hasScannedForEncodings = 0;
			knownRegions = (
				en,
				Base,
			);
			mainGroup = 999987231CFAB33B001CDF10;
			productRefGroup = 9999872D1CFAB33B001CDF10 /* Products */;
			projectDirPath = "";
			projectRoot = "";
			targets = (
				9999872B1CFAB33B001CDF10 /* CallingAnimation */,
			);
		};
/* End PBXProject section */

/* Begin PBXResourcesBuildPhase section */
		9999872A1CFAB33B001CDF10 /* Resources */ = {
			isa = PBXResourcesBuildPhase;
			buildActionMask = 2147483647;
			files = (
				9999873A1CFAB33C001CDF10 /* LaunchScreen.storyboard in Resources */,
				999987371CFAB33C001CDF10 /* Assets.xcassets in Resources */,
				999987351CFAB33B001CDF10 /* Main.storyboard in Resources */,
			);
			runOnlyForDeploymentPostprocessing = 0;
		};
/* End PBXResourcesBuildPhase section */

/* Begin PBXSourcesBuildPhase section */
		999987281CFAB33B001CDF10 /* Sources */ = {
			isa = PBXSourcesBuildPhase;
			buildActionMask = 2147483647;
			files = (
				999987321CFAB33B001CDF10 /* ViewController.swift in Sources */,
				999987301CFAB33B001CDF10 /* AppDelegate.swift in Sources */,
			);
			runOnlyForDeploymentPostprocessing = 0;
		};
/* End PBXSourcesBuildPhase section */

/* Begin PBXVariantGroup section */
		999987331CFAB33B001CDF10 /* Main.storyboard */ = {
			isa = PBXVariantGroup;
			children = (
				999987341CFAB33B001CDF10 /* Base */,
			);
			name = Main.storyboard;
			sourceTree = "<group>";
		};
		999987381CFAB33C001CDF10 /* LaunchScreen.storyboard */ = {
			isa = PBXVariantGroup;
			children = (
				999987391CFAB33C001CDF10 /* Base */,
			);
			name = LaunchScreen.storyboard;
			sourceTree = "<group>";
		};
/* End PBXVariantGroup section */

/* Begin XCBuildConfiguration section */
		9999873C1CFAB33C001CDF10 /* Debug */ = {
			isa = XCBuildConfiguration;
			buildSettings = {
				ALWAYS_SEARCH_USER_PATHS = NO;
				CLANG_ANALYZER_NONNULL = YES;
				CLANG_CXX_LANGUAGE_STANDARD = "gnu++0x";
				CLANG_CXX_LIBRARY = "libc++";
				CLANG_ENABLE_MODULES = YES;
				CLANG_ENABLE_OBJC_ARC = YES;
				CLANG_WARN_BOOL_CONVERSION = YES;
				CLANG_WARN_CONSTANT_CONVERSION = YES;
				CLANG_WARN_DIRECT_OBJC_ISA_USAGE = YES_ERROR;
				CLANG_WARN_EMPTY_BODY = YES;
				CLANG_WARN_ENUM_CONVERSION = YES;
				CLANG_WARN_INT_CONVERSION = YES;
				CLANG_WARN_OBJC_ROOT_CLASS = YES_ERROR;
				CLANG_WARN_UNREACHABLE_CODE = YES;
				CLANG_WARN__DUPLICATE_METHOD_MATCH = YES;
				"CODE_SIGN_IDENTITY[sdk=iphoneos*]" = "iPhone Developer";
				COPY_PHASE_STRIP = NO;
				DEBUG_INFORMATION_FORMAT = dwarf;
				ENABLE_STRICT_OBJC_MSGSEND = YES;
				ENABLE_TESTABILITY = YES;
				GCC_C_LANGUAGE_STANDARD = gnu99;
				GCC_DYNAMIC_NO_PIC = NO;
				GCC_NO_COMMON_BLOCKS = YES;
				GCC_OPTIMIZATION_LEVEL = 0;
				GCC_PREPROCESSOR_DEFINITIONS = (
					"DEBUG=1",
					"$(inherited)",
				);
				GCC_WARN_64_TO_32_BIT_CONVERSION = YES;
				GCC_WARN_ABOUT_RETURN_TYPE = YES_ERROR;
				GCC_WARN_UNDECLARED_SELECTOR = YES;
				GCC_WARN_UNINITIALIZED_AUTOS = YES_AGGRESSIVE;
				GCC_WARN_UNUSED_FUNCTION = YES;
				GCC_WARN_UNUSED_VARIABLE = YES;
				IPHONEOS_DEPLOYMENT_TARGET = 9.3;
				MTL_ENABLE_DEBUG_INFO = YES;
				ONLY_ACTIVE_ARCH = YES;
				SDKROOT = iphoneos;
				SWIFT_OPTIMIZATION_LEVEL = "-Onone";
			};
			name = Debug;
		};
		9999873D1CFAB33C001CDF10 /* Release */ = {
			isa = XCBuildConfiguration;
			buildSettings = {
				ALWAYS_SEARCH_USER_PATHS = NO;
				CLANG_ANALYZER_NONNULL = YES;
				CLANG_CXX_LANGUAGE_STANDARD = "gnu++0x";
				CLANG_CXX_LIBRARY = "libc++";
				CLANG_ENABLE_MODULES = YES;
				CLANG_ENABLE_OBJC_ARC = YES;
				CLANG_WARN_BOOL_CONVERSION = YES;
				CLANG_WARN_CONSTANT_CONVERSION = YES;
				CLANG_WARN_DIRECT_OBJC_ISA_USAGE = YES_ERROR;
				CLANG_WARN_EMPTY_BODY = YES;
				CLANG_WARN_ENUM_CONVERSION = YES;
				CLANG_WARN_INT_CONVERSION = YES;
				CLANG_WARN_OBJC_ROOT_CLASS = YES_ERROR;
				CLANG_WARN_UNREACHABLE_CODE = YES;
				CLANG_WARN__DUPLICATE_METHOD_MATCH = YES;
				"CODE_SIGN_IDENTITY[sdk=iphoneos*]" = "iPhone Developer";
				COPY_PHASE_STRIP = NO;
				DEBUG_INFORMATION_FORMAT = "dwarf-with-dsym";
				ENABLE_NS_ASSERTIONS = NO;
				ENABLE_STRICT_OBJC_MSGSEND = YES;
				GCC_C_LANGUAGE_STANDARD = gnu99;
				GCC_NO_COMMON_BLOCKS = YES;
				GCC_WARN_64_TO_32_BIT_CONVERSION = YES;
				GCC_WARN_ABOUT_RETURN_TYPE = YES_ERROR;
				GCC_WARN_UNDECLARED_SELECTOR = YES;
				GCC_WARN_UNINITIALIZED_AUTOS = YES_AGGRESSIVE;
				GCC_WARN_UNUSED_FUNCTION = YES;
				GCC_WARN_UNUSED_VARIABLE = YES;
				IPHONEOS_DEPLOYMENT_TARGET = 9.3;
				MTL_ENABLE_DEBUG_INFO = NO;
				SDKROOT = iphoneos;
				VALIDATE_PRODUCT = YES;
			};
			name = Release;
		};
		9999873F1CFAB33C001CDF10 /* Debug */ = {
			isa = XCBuildConfiguration;
			buildSettings = {
				ASSETCATALOG_COMPILER_APPICON_NAME = AppIcon;
				INFOPLIST_FILE = CallingAnimation/Info.plist;
				LD_RUNPATH_SEARCH_PATHS = "$(inherited) @executable_path/Frameworks";
				PRODUCT_BUNDLE_IDENTIFIER = com.fantageek.CallingAnimation;
				PRODUCT_NAME = "$(TARGET_NAME)";
			};
			name = Debug;
		};
		999987401CFAB33C001CDF10 /* Release */ = {
			isa = XCBuildConfiguration;
			buildSettings = {
				ASSETCATALOG_COMPILER_APPICON_NAME = AppIcon;
				INFOPLIST_FILE = CallingAnimation/Info.plist;
				LD_RUNPATH_SEARCH_PATHS = "$(inherited) @executable_path/Frameworks";
				PRODUCT_BUNDLE_IDENTIFIER = com.fantageek.CallingAnimation;
				PRODUCT_NAME = "$(TARGET_NAME)";
			};
			name = Release;
		};
/* End XCBuildConfiguration section */

/* Begin XCConfigurationList section */
		999987271CFAB33B001CDF10 /* Build configuration list for PBXProject "CallingAnimation" */ = {
			isa = XCConfigurationList;
			buildConfigurations = (
				9999873C1CFAB33C001CDF10 /* Debug */,
				9999873D1CFAB33C001CDF10 /* Release */,
			);
			defaultConfigurationIsVisible = 0;
			defaultConfigurationName = Release;
		};
		9999873E1CFAB33C001CDF10 /* Build configuration list for PBXNativeTarget "CallingAnimation" */ = {
			isa = XCConfigurationList;
			buildConfigurations = (
				9999873F1CFAB33C001CDF10 /* Debug */,
				999987401CFAB33C001CDF10 /* Release */,
			);
			defaultConfigurationIsVisible = 0;
		};
/* End XCConfigurationList section */
	};
	rootObject = 999987241CFAB33B001CDF10 /* Project object */;
}
