// !$*UTF8*$!
{
	archiveVersion = 1;
	classes = {
	};
	objectVersion = 46;
	objects = {

/* Begin PBXBuildFile section */
		229800BC1B9984A100E65549 /* AppDelegate.swift in Sources */ = {isa = PBXBuildFile; fileRef = 229800BB1B9984A100E65549 /* AppDelegate.swift */; };
		229800BE1B9984A100E65549 /* ViewController.swift in Sources */ = {isa = PBXBuildFile; fileRef = 229800BD1B9984A100E65549 /* ViewController.swift */; };
		229800C11B9984A200E65549 /* Main.storyboard in Resources */ = {isa = PBXBuildFile; fileRef = 229800BF1B9984A200E65549 /* Main.storyboard */; };
		229800C31B9984A200E65549 /* Assets.xcassets in Resources */ = {isa = PBXBuildFile; fileRef = 229800C21B9984A200E65549 /* Assets.xcassets */; };
		229800C61B9984A200E65549 /* LaunchScreen.storyboard in Resources */ = {isa = PBXBuildFile; fileRef = 229800C41B9984A200E65549 /* LaunchScreen.storyboard */; };
/* End PBXBuildFile section */

/* Begin PBXFileReference section */
		229800B81B9984A100E65549 /* AdaptiveLayout.app */ = {isa = PBXFileReference; explicitFileType = wrapper.application; includeInIndex = 0; path = AdaptiveLayout.app; sourceTree = BUILT_PRODUCTS_DIR; };
		229800BB1B9984A100E65549 /* AppDelegate.swift */ = {isa = PBXFileReference; lastKnownFileType = sourcecode.swift; path = AppDelegate.swift; sourceTree = "<group>"; };
		229800BD1B9984A100E65549 /* ViewController.swift */ = {isa = PBXFileReference; lastKnownFileType = sourcecode.swift; path = ViewController.swift; sourceTree = "<group>"; };
		229800C01B9984A200E65549 /* Base */ = {isa = PBXFileReference; lastKnownFileType = file.storyboard; name = Base; path = Base.lproj/Main.storyboard; sourceTree = "<group>"; };
		229800C21B9984A200E65549 /* Assets.xcassets */ = {isa = PBXFileReference; lastKnownFileType = folder.assetcatalog; path = Assets.xcassets; sourceTree = "<group>"; };
		229800C51B9984A200E65549 /* Base */ = {isa = PBXFileReference; lastKnownFileType = file.storyboard; name = Base; path = Base.lproj/LaunchScreen.storyboard; sourceTree = "<group>"; };
		229800C71B9984A200E65549 /* Info.plist */ = {isa = PBXFileReference; lastKnownFileType = text.plist.xml; path = Info.plist; sourceTree = "<group>"; };
/* End PBXFileReference section */

/* Begin PBXFrameworksBuildPhase section */
		229800B51B9984A100E65549 /* Frameworks */ = {
			isa = PBXFrameworksBuildPhase;
			buildActionMask = 2147483647;
			files = (
			);
			runOnlyForDeploymentPostprocessing = 0;
		};
/* End PBXFrameworksBuildPhase section */

/* Begin PBXGroup section */
		229800AF1B9984A100E65549 = {
			isa = PBXGroup;
			children = (
				229800BA1B9984A100E65549 /* AdaptiveLayout */,
				229800B91B9984A100E65549 /* Products */,
			);
			sourceTree = "<group>";
		};
		229800B91B9984A100E65549 /* Products */ = {
			isa = PBXGroup;
			children = (
				229800B81B9984A100E65549 /* AdaptiveLayout.app */,
			);
			name = Products;
			sourceTree = "<group>";
		};
		229800BA1B9984A100E65549 /* AdaptiveLayout */ = {
			isa = PBXGroup;
			children = (
				229800BB1B9984A100E65549 /* AppDelegate.swift */,
				229800BD1B9984A100E65549 /* ViewController.swift */,
				229800BF1B9984A200E65549 /* Main.storyboard */,
				229800C21B9984A200E65549 /* Assets.xcassets */,
				229800C41B9984A200E65549 /* LaunchScreen.storyboard */,
				229800C71B9984A200E65549 /* Info.plist */,
			);
			name = AdaptiveLayout;
			path = AdaptiveWeather;
			sourceTree = "<group>";
		};
/* End PBXGroup section */

/* Begin PBXNativeTarget section */
		229800B71B9984A100E65549 /* AdaptiveLayout */ = {
			isa = PBXNativeTarget;
			buildConfigurationList = 229800CA1B9984A200E65549 /* Build configuration list for PBXNativeTarget "AdaptiveLayout" */;
			buildPhases = (
				229800B41B9984A100E65549 /* Sources */,
				229800B51B9984A100E65549 /* Frameworks */,
				229800B61B9984A100E65549 /* Resources */,
			);
			buildRules = (
			);
			dependencies = (
			);
			name = AdaptiveLayout;
			productName = AdaptiveWeather;
			productReference = 229800B81B9984A100E65549 /* AdaptiveLayout.app */;
			productType = "com.apple.product-type.application";
		};
/* End PBXNativeTarget section */

/* Begin PBXProject section */
		229800B01B9984A100E65549 /* Project object */ = {
			isa = PBXProject;
			attributes = {
				LastUpgradeCheck = 0700;
				ORGANIZATIONNAME = RayWenderlich;
				TargetAttributes = {
					229800B71B9984A100E65549 = {
						CreatedOnToolsVersion = 7.0;
					};
				};
			};
			buildConfigurationList = 229800B31B9984A100E65549 /* Build configuration list for PBXProject "AdaptiveLayout" */;
			compatibilityVersion = "Xcode 3.2";
			developmentRegion = English;
			hasScannedForEncodings = 0;
			knownRegions = (
				en,
				Base,
			);
			mainGroup = 229800AF1B9984A100E65549;
			productRefGroup = 229800B91B9984A100E65549 /* Products */;
			projectDirPath = "";
			projectRoot = "";
			targets = (
				229800B71B9984A100E65549 /* AdaptiveLayout */,
			);
		};
/* End PBXProject section */

/* Begin PBXResourcesBuildPhase section */
		229800B61B9984A100E65549 /* Resources */ = {
			isa = PBXResourcesBuildPhase;
			buildActionMask = 2147483647;
			files = (
				229800C61B9984A200E65549 /* LaunchScreen.storyboard in Resources */,
				229800C31B9984A200E65549 /* Assets.xcassets in Resources */,
				229800C11B9984A200E65549 /* Main.storyboard in Resources */,
			);
			runOnlyForDeploymentPostprocessing = 0;
		};
/* End PBXResourcesBuildPhase section */

/* Begin PBXSourcesBuildPhase section */
		229800B41B9984A100E65549 /* Sources */ = {
			isa = PBXSourcesBuildPhase;
			buildActionMask = 2147483647;
			files = (
				229800BE1B9984A100E65549 /* ViewController.swift in Sources */,
				229800BC1B9984A100E65549 /* AppDelegate.swift in Sources */,
			);
			runOnlyForDeploymentPostprocessing = 0;
		};
/* End PBXSourcesBuildPhase section */

/* Begin PBXVariantGroup section */
		229800BF1B9984A200E65549 /* Main.storyboard */ = {
			isa = PBXVariantGroup;
			children = (
				229800C01B9984A200E65549 /* Base */,
			);
			name = Main.storyboard;
			sourceTree = "<group>";
		};
		229800C41B9984A200E65549 /* LaunchScreen.storyboard */ = {
			isa = PBXVariantGroup;
			children = (
				229800C51B9984A200E65549 /* Base */,
			);
			name = LaunchScreen.storyboard;
			sourceTree = "<group>";
		};
/* End PBXVariantGroup section */

/* Begin XCBuildConfiguration section */
		229800C81B9984A200E65549 /* Debug */ = {
			isa = XCBuildConfiguration;
			buildSettings = {
				ALWAYS_SEARCH_USER_PATHS = NO;
				CLANG_CXX_LANGUAGE_STANDARD = "gnu++0x";
				CLANG_CXX_LIBRARY = "libc++";
				CLANG_ENABLE_MODULES = YES;
				CLANG_ENABLE_OBJC_ARC = YES;
				CLANG_WARN_BOOL_CONVERSION = YES;
				CLANG_WARN_CONSTANT_CONVERSION = YES;
				CLANG_WARN_DIRECT_OBJC_ISA_USAGE = YES_ERROR;
				CLANG_WARN_EMPTY_BODY = YES;
				CLANG_WARN_ENUM_CONVERSION = YES;
				CLANG_WARN_INT_CONVERSION = YES;
				CLANG_WARN_OBJC_ROOT_CLASS = YES_ERROR;
				CLANG_WARN_UNREACHABLE_CODE = YES;
				CLANG_WARN__DUPLICATE_METHOD_MATCH = YES;
				"CODE_SIGN_IDENTITY[sdk=iphoneos*]" = "iPhone Developer";
				COPY_PHASE_STRIP = NO;
				DEBUG_INFORMATION_FORMAT = dwarf;
				ENABLE_STRICT_OBJC_MSGSEND = YES;
				ENABLE_TESTABILITY = YES;
				GCC_C_LANGUAGE_STANDARD = gnu99;
				GCC_DYNAMIC_NO_PIC = NO;
				GCC_NO_COMMON_BLOCKS = YES;
				GCC_OPTIMIZATION_LEVEL = 0;
				GCC_PREPROCESSOR_DEFINITIONS = (
					"DEBUG=1",
					"$(inherited)",
				);
				GCC_WARN_64_TO_32_BIT_CONVERSION = YES;
				GCC_WARN_ABOUT_RETURN_TYPE = YES_ERROR;
				GCC_WARN_UNDECLARED_SELECTOR = YES;
				GCC_WARN_UNINITIALIZED_AUTOS = YES_AGGRESSIVE;
				GCC_WARN_UNUSED_FUNCTION = YES;
				GCC_WARN_UNUSED_VARIABLE = YES;
				IPHONEOS_DEPLOYMENT_TARGET = 9.0;
				MTL_ENABLE_DEBUG_INFO = YES;
				ONLY_ACTIVE_ARCH = YES;
				SDKROOT = iphoneos;
				SWIFT_OPTIMIZATION_LEVEL = "-Onone";
				TARGETED_DEVICE_FAMILY = "1,2";
			};
			name = Debug;
		};
		229800C91B9984A200E65549 /* Release */ = {
			isa = XCBuildConfiguration;
			buildSettings = {
				ALWAYS_SEARCH_USER_PATHS = NO;
				CLANG_CXX_LANGUAGE_STANDARD = "gnu++0x";
				CLANG_CXX_LIBRARY = "libc++";
				CLANG_ENABLE_MODULES = YES;
				CLANG_ENABLE_OBJC_ARC = YES;
				CLANG_WARN_BOOL_CONVERSION = YES;
				CLANG_WARN_CONSTANT_CONVERSION = YES;
				CLANG_WARN_DIRECT_OBJC_ISA_USAGE = YES_ERROR;
				CLANG_WARN_EMPTY_BODY = YES;
				CLANG_WARN_ENUM_CONVERSION = YES;
				CLANG_WARN_INT_CONVERSION = YES;
				CLANG_WARN_OBJC_ROOT_CLASS = YES_ERROR;
				CLANG_WARN_UNREACHABLE_CODE = YES;
				CLANG_WARN__DUPLICATE_METHOD_MATCH = YES;
				"CODE_SIGN_IDENTITY[sdk=iphoneos*]" = "iPhone Developer";
				COPY_PHASE_STRIP = NO;
				DEBUG_INFORMATION_FORMAT = "dwarf-with-dsym";
				ENABLE_NS_ASSERTIONS = NO;
				ENABLE_STRICT_OBJC_MSGSEND = YES;
				GCC_C_LANGUAGE_STANDARD = gnu99;
				GCC_NO_COMMON_BLOCKS = YES;
				GCC_WARN_64_TO_32_BIT_CONVERSION = YES;
				GCC_WARN_ABOUT_RETURN_TYPE = YES_ERROR;
				GCC_WARN_UNDECLARED_SELECTOR = YES;
				GCC_WARN_UNINITIALIZED_AUTOS = YES_AGGRESSIVE;
				GCC_WARN_UNUSED_FUNCTION = YES;
				GCC_WARN_UNUSED_VARIABLE = YES;
				IPHONEOS_DEPLOYMENT_TARGET = 9.0;
				MTL_ENABLE_DEBUG_INFO = NO;
				SDKROOT = iphoneos;
				TARGETED_DEVICE_FAMILY = "1,2";
				VALIDATE_PRODUCT = YES;
			};
			name = Release;
		};
		229800CB1B9984A200E65549 /* Debug */ = {
			isa = XCBuildConfiguration;
			buildSettings = {
				ASSETCATALOG_COMPILER_APPICON_NAME = AppIcon;
				INFOPLIST_FILE = AdaptiveWeather/Info.plist;
				LD_RUNPATH_SEARCH_PATHS = "$(inherited) @executable_path/Frameworks";
				PRODUCT_BUNDLE_IDENTIFIER = com.fantageek.AdaptiveLayout;
				PRODUCT_NAME = AdaptiveLayout;
			};
			name = Debug;
		};
		229800CC1B9984A200E65549 /* Release */ = {
			isa = XCBuildConfiguration;
			buildSettings = {
				ASSETCATALOG_COMPILER_APPICON_NAME = AppIcon;
				INFOPLIST_FILE = AdaptiveWeather/Info.plist;
				LD_RUNPATH_SEARCH_PATHS = "$(inherited) @executable_path/Frameworks";
				PRODUCT_BUNDLE_IDENTIFIER = com.fantageek.AdaptiveLayout;
				PRODUCT_NAME = AdaptiveLayout;
			};
			name = Release;
		};
/* End XCBuildConfiguration section */

/* Begin XCConfigurationList section */
		229800B31B9984A100E65549 /* Build configuration list for PBXProject "AdaptiveLayout" */ = {
			isa = XCConfigurationList;
			buildConfigurations = (
				229800C81B9984A200E65549 /* Debug */,
				229800C91B9984A200E65549 /* Release */,
			);
			defaultConfigurationIsVisible = 0;
			defaultConfigurationName = Release;
		};
		229800CA1B9984A200E65549 /* Build configuration list for PBXNativeTarget "AdaptiveLayout" */ = {
			isa = XCConfigurationList;
			buildConfigurations = (
				229800CB1B9984A200E65549 /* Debug */,
				229800CC1B9984A200E65549 /* Release */,
			);
			defaultConfigurationIsVisible = 0;
			defaultConfigurationName = Release;
		};
/* End XCConfigurationList section */
	};
	rootObject = 229800B01B9984A100E65549 /* Project object */;
}
