// !$*UTF8*$!
{
	archiveVersion = 1;
	classes = {
	};
	objectVersion = 46;
	objects = {

/* Begin PBXBuildFile section */
		99F172F11CCE65D60066597B /* AppDelegate.swift in Sources */ = {isa = PBXBuildFile; fileRef = 99F172F01CCE65D60066597B /* AppDelegate.swift */; };
		99F172F31CCE65D60066597B /* ViewController.swift in Sources */ = {isa = PBXBuildFile; fileRef = 99F172F21CCE65D60066597B /* ViewController.swift */; };
		99F172F61CCE65D60066597B /* Main.storyboard in Resources */ = {isa = PBXBuildFile; fileRef = 99F172F41CCE65D60066597B /* Main.storyboard */; };
		99F172F81CCE65D60066597B /* Assets.xcassets in Resources */ = {isa = PBXBuildFile; fileRef = 99F172F71CCE65D60066597B /* Assets.xcassets */; };
		99F172FB1CCE65D60066597B /* LaunchScreen.storyboard in Resources */ = {isa = PBXBuildFile; fileRef = 99F172F91CCE65D60066597B /* LaunchScreen.storyboard */; };
/* End PBXBuildFile section */

/* Begin PBXFileReference section */
		99F172ED1CCE65D60066597B /* IndexedTableView.app */ = {isa = PBXFileReference; explicitFileType = wrapper.application; includeInIndex = 0; path = IndexedTableView.app; sourceTree = BUILT_PRODUCTS_DIR; };
		99F172F01CCE65D60066597B /* AppDelegate.swift */ = {isa = PBXFileReference; lastKnownFileType = sourcecode.swift; path = AppDelegate.swift; sourceTree = "<group>"; };
		99F172F21CCE65D60066597B /* ViewController.swift */ = {isa = PBXFileReference; lastKnownFileType = sourcecode.swift; path = ViewController.swift; sourceTree = "<group>"; };
		99F172F51CCE65D60066597B /* Base */ = {isa = PBXFileReference; lastKnownFileType = file.storyboard; name = Base; path = Base.lproj/Main.storyboard; sourceTree = "<group>"; };
		99F172F71CCE65D60066597B /* Assets.xcassets */ = {isa = PBXFileReference; lastKnownFileType = folder.assetcatalog; path = Assets.xcassets; sourceTree = "<group>"; };
		99F172FA1CCE65D60066597B /* Base */ = {isa = PBXFileReference; lastKnownFileType = file.storyboard; name = Base; path = Base.lproj/LaunchScreen.storyboard; sourceTree = "<group>"; };
		99F172FC1CCE65D60066597B /* Info.plist */ = {isa = PBXFileReference; lastKnownFileType = text.plist.xml; path = Info.plist; sourceTree = "<group>"; };
/* End PBXFileReference section */

/* Begin PBXFrameworksBuildPhase section */
		99F172EA1CCE65D60066597B /* Frameworks */ = {
			isa = PBXFrameworksBuildPhase;
			buildActionMask = 2147483647;
			files = (
			);
			runOnlyForDeploymentPostprocessing = 0;
		};
/* End PBXFrameworksBuildPhase section */

/* Begin PBXGroup section */
		99F172E41CCE65D60066597B = {
			isa = PBXGroup;
			children = (
				99F172EF1CCE65D60066597B /* IndexedTableView */,
				99F172EE1CCE65D60066597B /* Products */,
			);
			sourceTree = "<group>";
		};
		99F172EE1CCE65D60066597B /* Products */ = {
			isa = PBXGroup;
			children = (
				99F172ED1CCE65D60066597B /* IndexedTableView.app */,
			);
			name = Products;
			sourceTree = "<group>";
		};
		99F172EF1CCE65D60066597B /* IndexedTableView */ = {
			isa = PBXGroup;
			children = (
				99F172F01CCE65D60066597B /* AppDelegate.swift */,
				99F172F21CCE65D60066597B /* ViewController.swift */,
				99F172F41CCE65D60066597B /* Main.storyboard */,
				99F172F71CCE65D60066597B /* Assets.xcassets */,
				99F172F91CCE65D60066597B /* LaunchScreen.storyboard */,
				99F172FC1CCE65D60066597B /* Info.plist */,
			);
			path = IndexedTableView;
			sourceTree = "<group>";
		};
/* End PBXGroup section */

/* Begin PBXNativeTarget section */
		99F172EC1CCE65D60066597B /* IndexedTableView */ = {
			isa = PBXNativeTarget;
			buildConfigurationList = 99F172FF1CCE65D60066597B /* Build configuration list for PBXNativeTarget "IndexedTableView" */;
			buildPhases = (
				99F172E91CCE65D60066597B /* Sources */,
				99F172EA1CCE65D60066597B /* Frameworks */,
				99F172EB1CCE65D60066597B /* Resources */,
			);
			buildRules = (
			);
			dependencies = (
			);
			name = IndexedTableView;
			productName = IndexedTableView;
			productReference = 99F172ED1CCE65D60066597B /* IndexedTableView.app */;
			productType = "com.apple.product-type.application";
		};
/* End PBXNativeTarget section */

/* Begin PBXProject section */
		99F172E51CCE65D60066597B /* Project object */ = {
			isa = PBXProject;
			attributes = {
				LastSwiftUpdateCheck = 0730;
				LastUpgradeCheck = 0730;
				ORGANIZATIONNAME = Fantageek;
				TargetAttributes = {
					99F172EC1CCE65D60066597B = {
						CreatedOnToolsVersion = 7.3;
					};
				};
			};
			buildConfigurationList = 99F172E81CCE65D60066597B /* Build configuration list for PBXProject "IndexedTableView" */;
			compatibilityVersion = "Xcode 3.2";
			developmentRegion = English;
			hasScannedForEncodings = 0;
			knownRegions = (
				en,
				Base,
			);
			mainGroup = 99F172E41CCE65D60066597B;
			productRefGroup = 99F172EE1CCE65D60066597B /* Products */;
			projectDirPath = "";
			projectRoot = "";
			targets = (
				99F172EC1CCE65D60066597B /* IndexedTableView */,
			);
		};
/* End PBXProject section */

/* Begin PBXResourcesBuildPhase section */
		99F172EB1CCE65D60066597B /* Resources */ = {
			isa = PBXResourcesBuildPhase;
			buildActionMask = 2147483647;
			files = (
				99F172FB1CCE65D60066597B /* LaunchScreen.storyboard in Resources */,
				99F172F81CCE65D60066597B /* Assets.xcassets in Resources */,
				99F172F61CCE65D60066597B /* Main.storyboard in Resources */,
			);
			runOnlyForDeploymentPostprocessing = 0;
		};
/* End PBXResourcesBuildPhase section */

/* Begin PBXSourcesBuildPhase section */
		99F172E91CCE65D60066597B /* Sources */ = {
			isa = PBXSourcesBuildPhase;
			buildActionMask = 2147483647;
			files = (
				99F172F31CCE65D60066597B /* ViewController.swift in Sources */,
				99F172F11CCE65D60066597B /* AppDelegate.swift in Sources */,
			);
			runOnlyForDeploymentPostprocessing = 0;
		};
/* End PBXSourcesBuildPhase section */

/* Begin PBXVariantGroup section */
		99F172F41CCE65D60066597B /* Main.storyboard */ = {
			isa = PBXVariantGroup;
			children = (
				99F172F51CCE65D60066597B /* Base */,
			);
			name = Main.storyboard;
			sourceTree = "<group>";
		};
		99F172F91CCE65D60066597B /* LaunchScreen.storyboard */ = {
			isa = PBXVariantGroup;
			children = (
				99F172FA1CCE65D60066597B /* Base */,
			);
			name = LaunchScreen.storyboard;
			sourceTree = "<group>";
		};
/* End PBXVariantGroup section */

/* Begin XCBuildConfiguration section */
		99F172FD1CCE65D60066597B /* Debug */ = {
			isa = XCBuildConfiguration;
			buildSettings = {
				ALWAYS_SEARCH_USER_PATHS = NO;
				CLANG_ANALYZER_NONNULL = YES;
				CLANG_CXX_LANGUAGE_STANDARD = "gnu++0x";
				CLANG_CXX_LIBRARY = "libc++";
				CLANG_ENABLE_MODULES = YES;
				CLANG_ENABLE_OBJC_ARC = YES;
				CLANG_WARN_BOOL_CONVERSION = YES;
				CLANG_WARN_CONSTANT_CONVERSION = YES;
				CLANG_WARN_DIRECT_OBJC_ISA_USAGE = YES_ERROR;
				CLANG_WARN_EMPTY_BODY = YES;
				CLANG_WARN_ENUM_CONVERSION = YES;
				CLANG_WARN_INT_CONVERSION = YES;
				CLANG_WARN_OBJC_ROOT_CLASS = YES_ERROR;
				CLANG_WARN_UNREACHABLE_CODE = YES;
				CLANG_WARN__DUPLICATE_METHOD_MATCH = YES;
				"CODE_SIGN_IDENTITY[sdk=iphoneos*]" = "iPhone Developer";
				COPY_PHASE_STRIP = NO;
				DEBUG_INFORMATION_FORMAT = dwarf;
				ENABLE_STRICT_OBJC_MSGSEND = YES;
				ENABLE_TESTABILITY = YES;
				GCC_C_LANGUAGE_STANDARD = gnu99;
				GCC_DYNAMIC_NO_PIC = NO;
				GCC_NO_COMMON_BLOCKS = YES;
				GCC_OPTIMIZATION_LEVEL = 0;
				GCC_PREPROCESSOR_DEFINITIONS = (
					"DEBUG=1",
					"$(inherited)",
				);
				GCC_WARN_64_TO_32_BIT_CONVERSION = YES;
				GCC_WARN_ABOUT_RETURN_TYPE = YES_ERROR;
				GCC_WARN_UNDECLARED_SELECTOR = YES;
				GCC_WARN_UNINITIALIZED_AUTOS = YES_AGGRESSIVE;
				GCC_WARN_UNUSED_FUNCTION = YES;
				GCC_WARN_UNUSED_VARIABLE = YES;
				IPHONEOS_DEPLOYMENT_TARGET = 9.3;
				MTL_ENABLE_DEBUG_INFO = YES;
				ONLY_ACTIVE_ARCH = YES;
				SDKROOT = iphoneos;
				SWIFT_OPTIMIZATION_LEVEL = "-Onone";
			};
			name = Debug;
		};
		99F172FE1CCE65D60066597B /* Release */ = {
			isa = XCBuildConfiguration;
			buildSettings = {
				ALWAYS_SEARCH_USER_PATHS = NO;
				CLANG_ANALYZER_NONNULL = YES;
				CLANG_CXX_LANGUAGE_STANDARD = "gnu++0x";
				CLANG_CXX_LIBRARY = "libc++";
				CLANG_ENABLE_MODULES = YES;
				CLANG_ENABLE_OBJC_ARC = YES;
				CLANG_WARN_BOOL_CONVERSION = YES;
				CLANG_WARN_CONSTANT_CONVERSION = YES;
				CLANG_WARN_DIRECT_OBJC_ISA_USAGE = YES_ERROR;
				CLANG_WARN_EMPTY_BODY = YES;
				CLANG_WARN_ENUM_CONVERSION = YES;
				CLANG_WARN_INT_CONVERSION = YES;
				CLANG_WARN_OBJC_ROOT_CLASS = YES_ERROR;
				CLANG_WARN_UNREACHABLE_CODE = YES;
				CLANG_WARN__DUPLICATE_METHOD_MATCH = YES;
				"CODE_SIGN_IDENTITY[sdk=iphoneos*]" = "iPhone Developer";
				COPY_PHASE_STRIP = NO;
				DEBUG_INFORMATION_FORMAT = "dwarf-with-dsym";
				ENABLE_NS_ASSERTIONS = NO;
				ENABLE_STRICT_OBJC_MSGSEND = YES;
				GCC_C_LANGUAGE_STANDARD = gnu99;
				GCC_NO_COMMON_BLOCKS = YES;
				GCC_WARN_64_TO_32_BIT_CONVERSION = YES;
				GCC_WARN_ABOUT_RETURN_TYPE = YES_ERROR;
				GCC_WARN_UNDECLARED_SELECTOR = YES;
				GCC_WARN_UNINITIALIZED_AUTOS = YES_AGGRESSIVE;
				GCC_WARN_UNUSED_FUNCTION = YES;
				GCC_WARN_UNUSED_VARIABLE = YES;
				IPHONEOS_DEPLOYMENT_TARGET = 9.3;
				MTL_ENABLE_DEBUG_INFO = NO;
				SDKROOT = iphoneos;
				VALIDATE_PRODUCT = YES;
			};
			name = Release;
		};
		99F173001CCE65D60066597B /* Debug */ = {
			isa = XCBuildConfiguration;
			buildSettings = {
				ASSETCATALOG_COMPILER_APPICON_NAME = AppIcon;
				INFOPLIST_FILE = IndexedTableView/Info.plist;
				LD_RUNPATH_SEARCH_PATHS = "$(inherited) @executable_path/Frameworks";
				PRODUCT_BUNDLE_IDENTIFIER = com.fantageek.IndexedTableView;
				PRODUCT_NAME = "$(TARGET_NAME)";
			};
			name = Debug;
		};
		99F173011CCE65D60066597B /* Release */ = {
			isa = XCBuildConfiguration;
			buildSettings = {
				ASSETCATALOG_COMPILER_APPICON_NAME = AppIcon;
				INFOPLIST_FILE = IndexedTableView/Info.plist;
				LD_RUNPATH_SEARCH_PATHS = "$(inherited) @executable_path/Frameworks";
				PRODUCT_BUNDLE_IDENTIFIER = com.fantageek.IndexedTableView;
				PRODUCT_NAME = "$(TARGET_NAME)";
			};
			name = Release;
		};
/* End XCBuildConfiguration section */

/* Begin XCConfigurationList section */
		99F172E81CCE65D60066597B /* Build configuration list for PBXProject "IndexedTableView" */ = {
			isa = XCConfigurationList;
			buildConfigurations = (
				99F172FD1CCE65D60066597B /* Debug */,
				99F172FE1CCE65D60066597B /* Release */,
			);
			defaultConfigurationIsVisible = 0;
			defaultConfigurationName = Release;
		};
		99F172FF1CCE65D60066597B /* Build configuration list for PBXNativeTarget "IndexedTableView" */ = {
			isa = XCConfigurationList;
			buildConfigurations = (
				99F173001CCE65D60066597B /* Debug */,
				99F173011CCE65D60066597B /* Release */,
			);
			defaultConfigurationIsVisible = 0;
		};
/* End XCConfigurationList section */
	};
	rootObject = 99F172E51CCE65D60066597B /* Project object */;
}
