// !$*UTF8*$!
{
	archiveVersion = 1;
	classes = {
	};
	objectVersion = 46;
	objects = {

/* Begin PBXBuildFile section */
		99B350F41CC79BC00079FEA0 /* AppDelegate.swift in Sources */ = {isa = PBXBuildFile; fileRef = 99B350F31CC79BC00079FEA0 /* AppDelegate.swift */; };
		99B350F61CC79BC00079FEA0 /* ViewController.swift in Sources */ = {isa = PBXBuildFile; fileRef = 99B350F51CC79BC00079FEA0 /* ViewController.swift */; };
		99B350F91CC79BC00079FEA0 /* Main.storyboard in Resources */ = {isa = PBXBuildFile; fileRef = 99B350F71CC79BC00079FEA0 /* Main.storyboard */; };
		99B350FB1CC79BC00079FEA0 /* Assets.xcassets in Resources */ = {isa = PBXBuildFile; fileRef = 99B350FA1CC79BC00079FEA0 /* Assets.xcassets */; };
		99B350FE1CC79BC00079FEA0 /* LaunchScreen.storyboard in Resources */ = {isa = PBXBuildFile; fileRef = 99B350FC1CC79BC00079FEA0 /* LaunchScreen.storyboard */; };
/* End PBXBuildFile section */

/* Begin PBXFileReference section */
		99B350F01CC79BBF0079FEA0 /* LimitCharacters.app */ = {isa = PBXFileReference; explicitFileType = wrapper.application; includeInIndex = 0; path = LimitCharacters.app; sourceTree = BUILT_PRODUCTS_DIR; };
		99B350F31CC79BC00079FEA0 /* AppDelegate.swift */ = {isa = PBXFileReference; lastKnownFileType = sourcecode.swift; path = AppDelegate.swift; sourceTree = "<group>"; };
		99B350F51CC79BC00079FEA0 /* ViewController.swift */ = {isa = PBXFileReference; lastKnownFileType = sourcecode.swift; path = ViewController.swift; sourceTree = "<group>"; };
		99B350F81CC79BC00079FEA0 /* Base */ = {isa = PBXFileReference; lastKnownFileType = file.storyboard; name = Base; path = Base.lproj/Main.storyboard; sourceTree = "<group>"; };
		99B350FA1CC79BC00079FEA0 /* Assets.xcassets */ = {isa = PBXFileReference; lastKnownFileType = folder.assetcatalog; path = Assets.xcassets; sourceTree = "<group>"; };
		99B350FD1CC79BC00079FEA0 /* Base */ = {isa = PBXFileReference; lastKnownFileType = file.storyboard; name = Base; path = Base.lproj/LaunchScreen.storyboard; sourceTree = "<group>"; };
		99B350FF1CC79BC00079FEA0 /* Info.plist */ = {isa = PBXFileReference; lastKnownFileType = text.plist.xml; path = Info.plist; sourceTree = "<group>"; };
/* End PBXFileReference section */

/* Begin PBXFrameworksBuildPhase section */
		99B350ED1CC79BBF0079FEA0 /* Frameworks */ = {
			isa = PBXFrameworksBuildPhase;
			buildActionMask = 2147483647;
			files = (
			);
			runOnlyForDeploymentPostprocessing = 0;
		};
/* End PBXFrameworksBuildPhase section */

/* Begin PBXGroup section */
		99B350E71CC79BBF0079FEA0 = {
			isa = PBXGroup;
			children = (
				99B350F21CC79BC00079FEA0 /* LimitCharacters */,
				99B350F11CC79BBF0079FEA0 /* Products */,
			);
			sourceTree = "<group>";
		};
		99B350F11CC79BBF0079FEA0 /* Products */ = {
			isa = PBXGroup;
			children = (
				99B350F01CC79BBF0079FEA0 /* LimitCharacters.app */,
			);
			name = Products;
			sourceTree = "<group>";
		};
		99B350F21CC79BC00079FEA0 /* LimitCharacters */ = {
			isa = PBXGroup;
			children = (
				99B350F31CC79BC00079FEA0 /* AppDelegate.swift */,
				99B350F51CC79BC00079FEA0 /* ViewController.swift */,
				99B350F71CC79BC00079FEA0 /* Main.storyboard */,
				99B350FA1CC79BC00079FEA0 /* Assets.xcassets */,
				99B350FC1CC79BC00079FEA0 /* LaunchScreen.storyboard */,
				99B350FF1CC79BC00079FEA0 /* Info.plist */,
			);
			path = LimitCharacters;
			sourceTree = "<group>";
		};
/* End PBXGroup section */

/* Begin PBXNativeTarget section */
		99B350EF1CC79BBF0079FEA0 /* LimitCharacters */ = {
			isa = PBXNativeTarget;
			buildConfigurationList = 99B351021CC79BC00079FEA0 /* Build configuration list for PBXNativeTarget "LimitCharacters" */;
			buildPhases = (
				99B350EC1CC79BBF0079FEA0 /* Sources */,
				99B350ED1CC79BBF0079FEA0 /* Frameworks */,
				99B350EE1CC79BBF0079FEA0 /* Resources */,
			);
			buildRules = (
			);
			dependencies = (
			);
			name = LimitCharacters;
			productName = LimitCharacters;
			productReference = 99B350F01CC79BBF0079FEA0 /* LimitCharacters.app */;
			productType = "com.apple.product-type.application";
		};
/* End PBXNativeTarget section */

/* Begin PBXProject section */
		99B350E81CC79BBF0079FEA0 /* Project object */ = {
			isa = PBXProject;
			attributes = {
				LastSwiftUpdateCheck = 0730;
				LastUpgradeCheck = 0730;
				ORGANIZATIONNAME = Fantageek;
				TargetAttributes = {
					99B350EF1CC79BBF0079FEA0 = {
						CreatedOnToolsVersion = 7.3;
					};
				};
			};
			buildConfigurationList = 99B350EB1CC79BBF0079FEA0 /* Build configuration list for PBXProject "LimitCharacters" */;
			compatibilityVersion = "Xcode 3.2";
			developmentRegion = English;
			hasScannedForEncodings = 0;
			knownRegions = (
				en,
				Base,
			);
			mainGroup = 99B350E71CC79BBF0079FEA0;
			productRefGroup = 99B350F11CC79BBF0079FEA0 /* Products */;
			projectDirPath = "";
			projectRoot = "";
			targets = (
				99B350EF1CC79BBF0079FEA0 /* LimitCharacters */,
			);
		};
/* End PBXProject section */

/* Begin PBXResourcesBuildPhase section */
		99B350EE1CC79BBF0079FEA0 /* Resources */ = {
			isa = PBXResourcesBuildPhase;
			buildActionMask = 2147483647;
			files = (
				99B350FE1CC79BC00079FEA0 /* LaunchScreen.storyboard in Resources */,
				99B350FB1CC79BC00079FEA0 /* Assets.xcassets in Resources */,
				99B350F91CC79BC00079FEA0 /* Main.storyboard in Resources */,
			);
			runOnlyForDeploymentPostprocessing = 0;
		};
/* End PBXResourcesBuildPhase section */

/* Begin PBXSourcesBuildPhase section */
		99B350EC1CC79BBF0079FEA0 /* Sources */ = {
			isa = PBXSourcesBuildPhase;
			buildActionMask = 2147483647;
			files = (
				99B350F61CC79BC00079FEA0 /* ViewController.swift in Sources */,
				99B350F41CC79BC00079FEA0 /* AppDelegate.swift in Sources */,
			);
			runOnlyForDeploymentPostprocessing = 0;
		};
/* End PBXSourcesBuildPhase section */

/* Begin PBXVariantGroup section */
		99B350F71CC79BC00079FEA0 /* Main.storyboard */ = {
			isa = PBXVariantGroup;
			children = (
				99B350F81CC79BC00079FEA0 /* Base */,
			);
			name = Main.storyboard;
			sourceTree = "<group>";
		};
		99B350FC1CC79BC00079FEA0 /* LaunchScreen.storyboard */ = {
			isa = PBXVariantGroup;
			children = (
				99B350FD1CC79BC00079FEA0 /* Base */,
			);
			name = LaunchScreen.storyboard;
			sourceTree = "<group>";
		};
/* End PBXVariantGroup section */

/* Begin XCBuildConfiguration section */
		99B351001CC79BC00079FEA0 /* Debug */ = {
			isa = XCBuildConfiguration;
			buildSettings = {
				ALWAYS_SEARCH_USER_PATHS = NO;
				CLANG_ANALYZER_NONNULL = YES;
				CLANG_CXX_LANGUAGE_STANDARD = "gnu++0x";
				CLANG_CXX_LIBRARY = "libc++";
				CLANG_ENABLE_MODULES = YES;
				CLANG_ENABLE_OBJC_ARC = YES;
				CLANG_WARN_BOOL_CONVERSION = YES;
				CLANG_WARN_CONSTANT_CONVERSION = YES;
				CLANG_WARN_DIRECT_OBJC_ISA_USAGE = YES_ERROR;
				CLANG_WARN_EMPTY_BODY = YES;
				CLANG_WARN_ENUM_CONVERSION = YES;
				CLANG_WARN_INT_CONVERSION = YES;
				CLANG_WARN_OBJC_ROOT_CLASS = YES_ERROR;
				CLANG_WARN_UNREACHABLE_CODE = YES;
				CLANG_WARN__DUPLICATE_METHOD_MATCH = YES;
				"CODE_SIGN_IDENTITY[sdk=iphoneos*]" = "iPhone Developer";
				COPY_PHASE_STRIP = NO;
				DEBUG_INFORMATION_FORMAT = dwarf;
				ENABLE_STRICT_OBJC_MSGSEND = YES;
				ENABLE_TESTABILITY = YES;
				GCC_C_LANGUAGE_STANDARD = gnu99;
				GCC_DYNAMIC_NO_PIC = NO;
				GCC_NO_COMMON_BLOCKS = YES;
				GCC_OPTIMIZATION_LEVEL = 0;
				GCC_PREPROCESSOR_DEFINITIONS = (
					"DEBUG=1",
					"$(inherited)",
				);
				GCC_WARN_64_TO_32_BIT_CONVERSION = YES;
				GCC_WARN_ABOUT_RETURN_TYPE = YES_ERROR;
				GCC_WARN_UNDECLARED_SELECTOR = YES;
				GCC_WARN_UNINITIALIZED_AUTOS = YES_AGGRESSIVE;
				GCC_WARN_UNUSED_FUNCTION = YES;
				GCC_WARN_UNUSED_VARIABLE = YES;
				IPHONEOS_DEPLOYMENT_TARGET = 9.3;
				MTL_ENABLE_DEBUG_INFO = YES;
				ONLY_ACTIVE_ARCH = YES;
				SDKROOT = iphoneos;
				SWIFT_OPTIMIZATION_LEVEL = "-Onone";
			};
			name = Debug;
		};
		99B351011CC79BC00079FEA0 /* Release */ = {
			isa = XCBuildConfiguration;
			buildSettings = {
				ALWAYS_SEARCH_USER_PATHS = NO;
				CLANG_ANALYZER_NONNULL = YES;
				CLANG_CXX_LANGUAGE_STANDARD = "gnu++0x";
				CLANG_CXX_LIBRARY = "libc++";
				CLANG_ENABLE_MODULES = YES;
				CLANG_ENABLE_OBJC_ARC = YES;
				CLANG_WARN_BOOL_CONVERSION = YES;
				CLANG_WARN_CONSTANT_CONVERSION = YES;
				CLANG_WARN_DIRECT_OBJC_ISA_USAGE = YES_ERROR;
				CLANG_WARN_EMPTY_BODY = YES;
				CLANG_WARN_ENUM_CONVERSION = YES;
				CLANG_WARN_INT_CONVERSION = YES;
				CLANG_WARN_OBJC_ROOT_CLASS = YES_ERROR;
				CLANG_WARN_UNREACHABLE_CODE = YES;
				CLANG_WARN__DUPLICATE_METHOD_MATCH = YES;
				"CODE_SIGN_IDENTITY[sdk=iphoneos*]" = "iPhone Developer";
				COPY_PHASE_STRIP = NO;
				DEBUG_INFORMATION_FORMAT = "dwarf-with-dsym";
				ENABLE_NS_ASSERTIONS = NO;
				ENABLE_STRICT_OBJC_MSGSEND = YES;
				GCC_C_LANGUAGE_STANDARD = gnu99;
				GCC_NO_COMMON_BLOCKS = YES;
				GCC_WARN_64_TO_32_BIT_CONVERSION = YES;
				GCC_WARN_ABOUT_RETURN_TYPE = YES_ERROR;
				GCC_WARN_UNDECLARED_SELECTOR = YES;
				GCC_WARN_UNINITIALIZED_AUTOS = YES_AGGRESSIVE;
				GCC_WARN_UNUSED_FUNCTION = YES;
				GCC_WARN_UNUSED_VARIABLE = YES;
				IPHONEOS_DEPLOYMENT_TARGET = 9.3;
				MTL_ENABLE_DEBUG_INFO = NO;
				SDKROOT = iphoneos;
				VALIDATE_PRODUCT = YES;
			};
			name = Release;
		};
		99B351031CC79BC00079FEA0 /* Debug */ = {
			isa = XCBuildConfiguration;
			buildSettings = {
				ASSETCATALOG_COMPILER_APPICON_NAME = AppIcon;
				INFOPLIST_FILE = LimitCharacters/Info.plist;
				LD_RUNPATH_SEARCH_PATHS = "$(inherited) @executable_path/Frameworks";
				PRODUCT_BUNDLE_IDENTIFIER = com.fantageek.LimitCharacters;
				PRODUCT_NAME = "$(TARGET_NAME)";
			};
			name = Debug;
		};
		99B351041CC79BC00079FEA0 /* Release */ = {
			isa = XCBuildConfiguration;
			buildSettings = {
				ASSETCATALOG_COMPILER_APPICON_NAME = AppIcon;
				INFOPLIST_FILE = LimitCharacters/Info.plist;
				LD_RUNPATH_SEARCH_PATHS = "$(inherited) @executable_path/Frameworks";
				PRODUCT_BUNDLE_IDENTIFIER = com.fantageek.LimitCharacters;
				PRODUCT_NAME = "$(TARGET_NAME)";
			};
			name = Release;
		};
/* End XCBuildConfiguration section */

/* Begin XCConfigurationList section */
		99B350EB1CC79BBF0079FEA0 /* Build configuration list for PBXProject "LimitCharacters" */ = {
			isa = XCConfigurationList;
			buildConfigurations = (
				99B351001CC79BC00079FEA0 /* Debug */,
				99B351011CC79BC00079FEA0 /* Release */,
			);
			defaultConfigurationIsVisible = 0;
			defaultConfigurationName = Release;
		};
		99B351021CC79BC00079FEA0 /* Build configuration list for PBXNativeTarget "LimitCharacters" */ = {
			isa = XCConfigurationList;
			buildConfigurations = (
				99B351031CC79BC00079FEA0 /* Debug */,
				99B351041CC79BC00079FEA0 /* Release */,
			);
			defaultConfigurationIsVisible = 0;
		};
/* End XCConfigurationList section */
	};
	rootObject = 99B350E81CC79BBF0079FEA0 /* Project object */;
}
