// !$*UTF8*$!
{
	archiveVersion = 1;
	classes = {
	};
	objectVersion = 46;
	objects = {

/* Begin PBXBuildFile section */
		9977F9321CABBE1B0087F18E /* AppDelegate.swift in Sources */ = {isa = PBXBuildFile; fileRef = 9977F9311CABBE1B0087F18E /* AppDelegate.swift */; };
		9977F9341CABBE1B0087F18E /* ViewController.swift in Sources */ = {isa = PBXBuildFile; fileRef = 9977F9331CABBE1B0087F18E /* ViewController.swift */; };
		9977F9371CABBE1B0087F18E /* Main.storyboard in Resources */ = {isa = PBXBuildFile; fileRef = 9977F9351CABBE1B0087F18E /* Main.storyboard */; };
		9977F9391CABBE1B0087F18E /* Assets.xcassets in Resources */ = {isa = PBXBuildFile; fileRef = 9977F9381CABBE1B0087F18E /* Assets.xcassets */; };
		9977F93C1CABBE1B0087F18E /* LaunchScreen.storyboard in Resources */ = {isa = PBXBuildFile; fileRef = 9977F93A1CABBE1B0087F18E /* LaunchScreen.storyboard */; };
/* End PBXBuildFile section */

/* Begin PBXFileReference section */
		9977F92E1CABBE1B0087F18E /* CustomSearchBar.app */ = {isa = PBXFileReference; explicitFileType = wrapper.application; includeInIndex = 0; path = CustomSearchBar.app; sourceTree = BUILT_PRODUCTS_DIR; };
		9977F9311CABBE1B0087F18E /* AppDelegate.swift */ = {isa = PBXFileReference; lastKnownFileType = sourcecode.swift; path = AppDelegate.swift; sourceTree = "<group>"; };
		9977F9331CABBE1B0087F18E /* ViewController.swift */ = {isa = PBXFileReference; lastKnownFileType = sourcecode.swift; path = ViewController.swift; sourceTree = "<group>"; };
		9977F9361CABBE1B0087F18E /* Base */ = {isa = PBXFileReference; lastKnownFileType = file.storyboard; name = Base; path = Base.lproj/Main.storyboard; sourceTree = "<group>"; };
		9977F9381CABBE1B0087F18E /* Assets.xcassets */ = {isa = PBXFileReference; lastKnownFileType = folder.assetcatalog; path = Assets.xcassets; sourceTree = "<group>"; };
		9977F93B1CABBE1B0087F18E /* Base */ = {isa = PBXFileReference; lastKnownFileType = file.storyboard; name = Base; path = Base.lproj/LaunchScreen.storyboard; sourceTree = "<group>"; };
		9977F93D1CABBE1B0087F18E /* Info.plist */ = {isa = PBXFileReference; lastKnownFileType = text.plist.xml; path = Info.plist; sourceTree = "<group>"; };
/* End PBXFileReference section */

/* Begin PBXFrameworksBuildPhase section */
		9977F92B1CABBE1B0087F18E /* Frameworks */ = {
			isa = PBXFrameworksBuildPhase;
			buildActionMask = 2147483647;
			files = (
			);
			runOnlyForDeploymentPostprocessing = 0;
		};
/* End PBXFrameworksBuildPhase section */

/* Begin PBXGroup section */
		9977F9251CABBE1B0087F18E = {
			isa = PBXGroup;
			children = (
				9977F9301CABBE1B0087F18E /* CustomSearchBar */,
				9977F92F1CABBE1B0087F18E /* Products */,
			);
			sourceTree = "<group>";
		};
		9977F92F1CABBE1B0087F18E /* Products */ = {
			isa = PBXGroup;
			children = (
				9977F92E1CABBE1B0087F18E /* CustomSearchBar.app */,
			);
			name = Products;
			sourceTree = "<group>";
		};
		9977F9301CABBE1B0087F18E /* CustomSearchBar */ = {
			isa = PBXGroup;
			children = (
				9977F9311CABBE1B0087F18E /* AppDelegate.swift */,
				9977F9331CABBE1B0087F18E /* ViewController.swift */,
				9977F9351CABBE1B0087F18E /* Main.storyboard */,
				9977F9381CABBE1B0087F18E /* Assets.xcassets */,
				9977F93A1CABBE1B0087F18E /* LaunchScreen.storyboard */,
				9977F93D1CABBE1B0087F18E /* Info.plist */,
			);
			path = CustomSearchBar;
			sourceTree = "<group>";
		};
/* End PBXGroup section */

/* Begin PBXNativeTarget section */
		9977F92D1CABBE1B0087F18E /* CustomSearchBar */ = {
			isa = PBXNativeTarget;
			buildConfigurationList = 9977F9401CABBE1B0087F18E /* Build configuration list for PBXNativeTarget "CustomSearchBar" */;
			buildPhases = (
				9977F92A1CABBE1B0087F18E /* Sources */,
				9977F92B1CABBE1B0087F18E /* Frameworks */,
				9977F92C1CABBE1B0087F18E /* Resources */,
			);
			buildRules = (
			);
			dependencies = (
			);
			name = CustomSearchBar;
			productName = CustomSearchBar;
			productReference = 9977F92E1CABBE1B0087F18E /* CustomSearchBar.app */;
			productType = "com.apple.product-type.application";
		};
/* End PBXNativeTarget section */

/* Begin PBXProject section */
		9977F9261CABBE1B0087F18E /* Project object */ = {
			isa = PBXProject;
			attributes = {
				LastSwiftUpdateCheck = 0720;
				LastUpgradeCheck = 0720;
				ORGANIZATIONNAME = Fantageek;
				TargetAttributes = {
					9977F92D1CABBE1B0087F18E = {
						CreatedOnToolsVersion = 7.2;
					};
				};
			};
			buildConfigurationList = 9977F9291CABBE1B0087F18E /* Build configuration list for PBXProject "CustomSearchBar" */;
			compatibilityVersion = "Xcode 3.2";
			developmentRegion = English;
			hasScannedForEncodings = 0;
			knownRegions = (
				en,
				Base,
			);
			mainGroup = 9977F9251CABBE1B0087F18E;
			productRefGroup = 9977F92F1CABBE1B0087F18E /* Products */;
			projectDirPath = "";
			projectRoot = "";
			targets = (
				9977F92D1CABBE1B0087F18E /* CustomSearchBar */,
			);
		};
/* End PBXProject section */

/* Begin PBXResourcesBuildPhase section */
		9977F92C1CABBE1B0087F18E /* Resources */ = {
			isa = PBXResourcesBuildPhase;
			buildActionMask = 2147483647;
			files = (
				9977F93C1CABBE1B0087F18E /* LaunchScreen.storyboard in Resources */,
				9977F9391CABBE1B0087F18E /* Assets.xcassets in Resources */,
				9977F9371CABBE1B0087F18E /* Main.storyboard in Resources */,
			);
			runOnlyForDeploymentPostprocessing = 0;
		};
/* End PBXResourcesBuildPhase section */

/* Begin PBXSourcesBuildPhase section */
		9977F92A1CABBE1B0087F18E /* Sources */ = {
			isa = PBXSourcesBuildPhase;
			buildActionMask = 2147483647;
			files = (
				9977F9341CABBE1B0087F18E /* ViewController.swift in Sources */,
				9977F9321CABBE1B0087F18E /* AppDelegate.swift in Sources */,
			);
			runOnlyForDeploymentPostprocessing = 0;
		};
/* End PBXSourcesBuildPhase section */

/* Begin PBXVariantGroup section */
		9977F9351CABBE1B0087F18E /* Main.storyboard */ = {
			isa = PBXVariantGroup;
			children = (
				9977F9361CABBE1B0087F18E /* Base */,
			);
			name = Main.storyboard;
			sourceTree = "<group>";
		};
		9977F93A1CABBE1B0087F18E /* LaunchScreen.storyboard */ = {
			isa = PBXVariantGroup;
			children = (
				9977F93B1CABBE1B0087F18E /* Base */,
			);
			name = LaunchScreen.storyboard;
			sourceTree = "<group>";
		};
/* End PBXVariantGroup section */

/* Begin XCBuildConfiguration section */
		9977F93E1CABBE1B0087F18E /* Debug */ = {
			isa = XCBuildConfiguration;
			buildSettings = {
				ALWAYS_SEARCH_USER_PATHS = NO;
				CLANG_CXX_LANGUAGE_STANDARD = "gnu++0x";
				CLANG_CXX_LIBRARY = "libc++";
				CLANG_ENABLE_MODULES = YES;
				CLANG_ENABLE_OBJC_ARC = YES;
				CLANG_WARN_BOOL_CONVERSION = YES;
				CLANG_WARN_CONSTANT_CONVERSION = YES;
				CLANG_WARN_DIRECT_OBJC_ISA_USAGE = YES_ERROR;
				CLANG_WARN_EMPTY_BODY = YES;
				CLANG_WARN_ENUM_CONVERSION = YES;
				CLANG_WARN_INT_CONVERSION = YES;
				CLANG_WARN_OBJC_ROOT_CLASS = YES_ERROR;
				CLANG_WARN_UNREACHABLE_CODE = YES;
				CLANG_WARN__DUPLICATE_METHOD_MATCH = YES;
				"CODE_SIGN_IDENTITY[sdk=iphoneos*]" = "iPhone Developer";
				COPY_PHASE_STRIP = NO;
				DEBUG_INFORMATION_FORMAT = dwarf;
				ENABLE_STRICT_OBJC_MSGSEND = YES;
				ENABLE_TESTABILITY = YES;
				GCC_C_LANGUAGE_STANDARD = gnu99;
				GCC_DYNAMIC_NO_PIC = NO;
				GCC_NO_COMMON_BLOCKS = YES;
				GCC_OPTIMIZATION_LEVEL = 0;
				GCC_PREPROCESSOR_DEFINITIONS = (
					"DEBUG=1",
					"$(inherited)",
				);
				GCC_WARN_64_TO_32_BIT_CONVERSION = YES;
				GCC_WARN_ABOUT_RETURN_TYPE = YES_ERROR;
				GCC_WARN_UNDECLARED_SELECTOR = YES;
				GCC_WARN_UNINITIALIZED_AUTOS = YES_AGGRESSIVE;
				GCC_WARN_UNUSED_FUNCTION = YES;
				GCC_WARN_UNUSED_VARIABLE = YES;
				IPHONEOS_DEPLOYMENT_TARGET = 9.2;
				MTL_ENABLE_DEBUG_INFO = YES;
				ONLY_ACTIVE_ARCH = YES;
				SDKROOT = iphoneos;
				SWIFT_OPTIMIZATION_LEVEL = "-Onone";
			};
			name = Debug;
		};
		9977F93F1CABBE1B0087F18E /* Release */ = {
			isa = XCBuildConfiguration;
			buildSettings = {
				ALWAYS_SEARCH_USER_PATHS = NO;
				CLANG_CXX_LANGUAGE_STANDARD = "gnu++0x";
				CLANG_CXX_LIBRARY = "libc++";
				CLANG_ENABLE_MODULES = YES;
				CLANG_ENABLE_OBJC_ARC = YES;
				CLANG_WARN_BOOL_CONVERSION = YES;
				CLANG_WARN_CONSTANT_CONVERSION = YES;
				CLANG_WARN_DIRECT_OBJC_ISA_USAGE = YES_ERROR;
				CLANG_WARN_EMPTY_BODY = YES;
				CLANG_WARN_ENUM_CONVERSION = YES;
				CLANG_WARN_INT_CONVERSION = YES;
				CLANG_WARN_OBJC_ROOT_CLASS = YES_ERROR;
				CLANG_WARN_UNREACHABLE_CODE = YES;
				CLANG_WARN__DUPLICATE_METHOD_MATCH = YES;
				"CODE_SIGN_IDENTITY[sdk=iphoneos*]" = "iPhone Developer";
				COPY_PHASE_STRIP = NO;
				DEBUG_INFORMATION_FORMAT = "dwarf-with-dsym";
				ENABLE_NS_ASSERTIONS = NO;
				ENABLE_STRICT_OBJC_MSGSEND = YES;
				GCC_C_LANGUAGE_STANDARD = gnu99;
				GCC_NO_COMMON_BLOCKS = YES;
				GCC_WARN_64_TO_32_BIT_CONVERSION = YES;
				GCC_WARN_ABOUT_RETURN_TYPE = YES_ERROR;
				GCC_WARN_UNDECLARED_SELECTOR = YES;
				GCC_WARN_UNINITIALIZED_AUTOS = YES_AGGRESSIVE;
				GCC_WARN_UNUSED_FUNCTION = YES;
				GCC_WARN_UNUSED_VARIABLE = YES;
				IPHONEOS_DEPLOYMENT_TARGET = 9.2;
				MTL_ENABLE_DEBUG_INFO = NO;
				SDKROOT = iphoneos;
				VALIDATE_PRODUCT = YES;
			};
			name = Release;
		};
		9977F9411CABBE1B0087F18E /* Debug */ = {
			isa = XCBuildConfiguration;
			buildSettings = {
				ASSETCATALOG_COMPILER_APPICON_NAME = AppIcon;
				INFOPLIST_FILE = CustomSearchBar/Info.plist;
				LD_RUNPATH_SEARCH_PATHS = "$(inherited) @executable_path/Frameworks";
				PRODUCT_BUNDLE_IDENTIFIER = com.fantageek.CustomSearchBar;
				PRODUCT_NAME = "$(TARGET_NAME)";
			};
			name = Debug;
		};
		9977F9421CABBE1B0087F18E /* Release */ = {
			isa = XCBuildConfiguration;
			buildSettings = {
				ASSETCATALOG_COMPILER_APPICON_NAME = AppIcon;
				INFOPLIST_FILE = CustomSearchBar/Info.plist;
				LD_RUNPATH_SEARCH_PATHS = "$(inherited) @executable_path/Frameworks";
				PRODUCT_BUNDLE_IDENTIFIER = com.fantageek.CustomSearchBar;
				PRODUCT_NAME = "$(TARGET_NAME)";
			};
			name = Release;
		};
/* End XCBuildConfiguration section */

/* Begin XCConfigurationList section */
		9977F9291CABBE1B0087F18E /* Build configuration list for PBXProject "CustomSearchBar" */ = {
			isa = XCConfigurationList;
			buildConfigurations = (
				9977F93E1CABBE1B0087F18E /* Debug */,
				9977F93F1CABBE1B0087F18E /* Release */,
			);
			defaultConfigurationIsVisible = 0;
			defaultConfigurationName = Release;
		};
		9977F9401CABBE1B0087F18E /* Build configuration list for PBXNativeTarget "CustomSearchBar" */ = {
			isa = XCConfigurationList;
			buildConfigurations = (
				9977F9411CABBE1B0087F18E /* Debug */,
				9977F9421CABBE1B0087F18E /* Release */,
			);
			defaultConfigurationIsVisible = 0;
		};
/* End XCConfigurationList section */
	};
	rootObject = 9977F9261CABBE1B0087F18E /* Project object */;
}
