// !$*UTF8*$!
{
	archiveVersion = 1;
	classes = {
	};
	objectVersion = 46;
	objects = {

/* Begin PBXBuildFile section */
		993116211D87AFE400682701 /* AppDelegate.swift in Sources */ = {isa = PBXBuildFile; fileRef = 993116201D87AFE400682701 /* AppDelegate.swift */; };
		993116231D87AFE400682701 /* ViewController.swift in Sources */ = {isa = PBXBuildFile; fileRef = 993116221D87AFE400682701 /* ViewController.swift */; };
		993116261D87AFE400682701 /* Main.storyboard in Resources */ = {isa = PBXBuildFile; fileRef = 993116241D87AFE400682701 /* Main.storyboard */; };
		993116281D87AFE400682701 /* Assets.xcassets in Resources */ = {isa = PBXBuildFile; fileRef = 993116271D87AFE400682701 /* Assets.xcassets */; };
		9931162B1D87AFE400682701 /* LaunchScreen.storyboard in Resources */ = {isa = PBXBuildFile; fileRef = 993116291D87AFE400682701 /* LaunchScreen.storyboard */; };
/* End PBXBuildFile section */

/* Begin PBXFileReference section */
		9931161D1D87AFE400682701 /* Project76 - DownloadProcess.app */ = {isa = PBXFileReference; explicitFileType = wrapper.application; includeInIndex = 0; path = "Project76 - DownloadProcess.app"; sourceTree = BUILT_PRODUCTS_DIR; };
		993116201D87AFE400682701 /* AppDelegate.swift */ = {isa = PBXFileReference; lastKnownFileType = sourcecode.swift; path = AppDelegate.swift; sourceTree = "<group>"; };
		993116221D87AFE400682701 /* ViewController.swift */ = {isa = PBXFileReference; lastKnownFileType = sourcecode.swift; path = ViewController.swift; sourceTree = "<group>"; };
		993116251D87AFE400682701 /* Base */ = {isa = PBXFileReference; lastKnownFileType = file.storyboard; name = Base; path = Base.lproj/Main.storyboard; sourceTree = "<group>"; };
		993116271D87AFE400682701 /* Assets.xcassets */ = {isa = PBXFileReference; lastKnownFileType = folder.assetcatalog; path = Assets.xcassets; sourceTree = "<group>"; };
		9931162A1D87AFE400682701 /* Base */ = {isa = PBXFileReference; lastKnownFileType = file.storyboard; name = Base; path = Base.lproj/LaunchScreen.storyboard; sourceTree = "<group>"; };
		9931162C1D87AFE400682701 /* Info.plist */ = {isa = PBXFileReference; lastKnownFileType = text.plist.xml; path = Info.plist; sourceTree = "<group>"; };
/* End PBXFileReference section */

/* Begin PBXFrameworksBuildPhase section */
		9931161A1D87AFE400682701 /* Frameworks */ = {
			isa = PBXFrameworksBuildPhase;
			buildActionMask = 2147483647;
			files = (
			);
			runOnlyForDeploymentPostprocessing = 0;
		};
/* End PBXFrameworksBuildPhase section */

/* Begin PBXGroup section */
		993116141D87AFE400682701 = {
			isa = PBXGroup;
			children = (
				9931161F1D87AFE400682701 /* Project76 - DownloadProcess */,
				9931161E1D87AFE400682701 /* Products */,
			);
			sourceTree = "<group>";
		};
		9931161E1D87AFE400682701 /* Products */ = {
			isa = PBXGroup;
			children = (
				9931161D1D87AFE400682701 /* Project76 - DownloadProcess.app */,
			);
			name = Products;
			sourceTree = "<group>";
		};
		9931161F1D87AFE400682701 /* Project76 - DownloadProcess */ = {
			isa = PBXGroup;
			children = (
				993116201D87AFE400682701 /* AppDelegate.swift */,
				993116221D87AFE400682701 /* ViewController.swift */,
				993116241D87AFE400682701 /* Main.storyboard */,
				993116271D87AFE400682701 /* Assets.xcassets */,
				993116291D87AFE400682701 /* LaunchScreen.storyboard */,
				9931162C1D87AFE400682701 /* Info.plist */,
			);
			path = "Project76 - DownloadProcess";
			sourceTree = "<group>";
		};
/* End PBXGroup section */

/* Begin PBXNativeTarget section */
		9931161C1D87AFE400682701 /* Project76 - DownloadProcess */ = {
			isa = PBXNativeTarget;
			buildConfigurationList = 9931162F1D87AFE400682701 /* Build configuration list for PBXNativeTarget "Project76 - DownloadProcess" */;
			buildPhases = (
				993116191D87AFE400682701 /* Sources */,
				9931161A1D87AFE400682701 /* Frameworks */,
				9931161B1D87AFE400682701 /* Resources */,
			);
			buildRules = (
			);
			dependencies = (
			);
			name = "Project76 - DownloadProcess";
			productName = "Project76 - DownloadProcess";
			productReference = 9931161D1D87AFE400682701 /* Project76 - DownloadProcess.app */;
			productType = "com.apple.product-type.application";
		};
/* End PBXNativeTarget section */

/* Begin PBXProject section */
		993116151D87AFE400682701 /* Project object */ = {
			isa = PBXProject;
			attributes = {
				LastSwiftUpdateCheck = 0730;
				LastUpgradeCheck = 0730;
				ORGANIZATIONNAME = Fantageek;
				TargetAttributes = {
					9931161C1D87AFE400682701 = {
						CreatedOnToolsVersion = 7.3;
						DevelopmentTeam = 555LCL8R2S;
					};
				};
			};
			buildConfigurationList = 993116181D87AFE400682701 /* Build configuration list for PBXProject "Project76 - DownloadProcess" */;
			compatibilityVersion = "Xcode 3.2";
			developmentRegion = English;
			hasScannedForEncodings = 0;
			knownRegions = (
				en,
				Base,
			);
			mainGroup = 993116141D87AFE400682701;
			productRefGroup = 9931161E1D87AFE400682701 /* Products */;
			projectDirPath = "";
			projectRoot = "";
			targets = (
				9931161C1D87AFE400682701 /* Project76 - DownloadProcess */,
			);
		};
/* End PBXProject section */

/* Begin PBXResourcesBuildPhase section */
		9931161B1D87AFE400682701 /* Resources */ = {
			isa = PBXResourcesBuildPhase;
			buildActionMask = 2147483647;
			files = (
				9931162B1D87AFE400682701 /* LaunchScreen.storyboard in Resources */,
				993116281D87AFE400682701 /* Assets.xcassets in Resources */,
				993116261D87AFE400682701 /* Main.storyboard in Resources */,
			);
			runOnlyForDeploymentPostprocessing = 0;
		};
/* End PBXResourcesBuildPhase section */

/* Begin PBXSourcesBuildPhase section */
		993116191D87AFE400682701 /* Sources */ = {
			isa = PBXSourcesBuildPhase;
			buildActionMask = 2147483647;
			files = (
				993116231D87AFE400682701 /* ViewController.swift in Sources */,
				993116211D87AFE400682701 /* AppDelegate.swift in Sources */,
			);
			runOnlyForDeploymentPostprocessing = 0;
		};
/* End PBXSourcesBuildPhase section */

/* Begin PBXVariantGroup section */
		993116241D87AFE400682701 /* Main.storyboard */ = {
			isa = PBXVariantGroup;
			children = (
				993116251D87AFE400682701 /* Base */,
			);
			name = Main.storyboard;
			sourceTree = "<group>";
		};
		993116291D87AFE400682701 /* LaunchScreen.storyboard */ = {
			isa = PBXVariantGroup;
			children = (
				9931162A1D87AFE400682701 /* Base */,
			);
			name = LaunchScreen.storyboard;
			sourceTree = "<group>";
		};
/* End PBXVariantGroup section */

/* Begin XCBuildConfiguration section */
		9931162D1D87AFE400682701 /* Debug */ = {
			isa = XCBuildConfiguration;
			buildSettings = {
				ALWAYS_SEARCH_USER_PATHS = NO;
				CLANG_ANALYZER_NONNULL = YES;
				CLANG_CXX_LANGUAGE_STANDARD = "gnu++0x";
				CLANG_CXX_LIBRARY = "libc++";
				CLANG_ENABLE_MODULES = YES;
				CLANG_ENABLE_OBJC_ARC = YES;
				CLANG_WARN_BOOL_CONVERSION = YES;
				CLANG_WARN_CONSTANT_CONVERSION = YES;
				CLANG_WARN_DIRECT_OBJC_ISA_USAGE = YES_ERROR;
				CLANG_WARN_EMPTY_BODY = YES;
				CLANG_WARN_ENUM_CONVERSION = YES;
				CLANG_WARN_INT_CONVERSION = YES;
				CLANG_WARN_OBJC_ROOT_CLASS = YES_ERROR;
				CLANG_WARN_UNREACHABLE_CODE = YES;
				CLANG_WARN__DUPLICATE_METHOD_MATCH = YES;
				"CODE_SIGN_IDENTITY[sdk=iphoneos*]" = "iPhone Developer";
				COPY_PHASE_STRIP = NO;
				DEBUG_INFORMATION_FORMAT = dwarf;
				ENABLE_STRICT_OBJC_MSGSEND = YES;
				ENABLE_TESTABILITY = YES;
				GCC_C_LANGUAGE_STANDARD = gnu99;
				GCC_DYNAMIC_NO_PIC = NO;
				GCC_NO_COMMON_BLOCKS = YES;
				GCC_OPTIMIZATION_LEVEL = 0;
				GCC_PREPROCESSOR_DEFINITIONS = (
					"DEBUG=1",
					"$(inherited)",
				);
				GCC_WARN_64_TO_32_BIT_CONVERSION = YES;
				GCC_WARN_ABOUT_RETURN_TYPE = YES_ERROR;
				GCC_WARN_UNDECLARED_SELECTOR = YES;
				GCC_WARN_UNINITIALIZED_AUTOS = YES_AGGRESSIVE;
				GCC_WARN_UNUSED_FUNCTION = YES;
				GCC_WARN_UNUSED_VARIABLE = YES;
				IPHONEOS_DEPLOYMENT_TARGET = 9.3;
				MTL_ENABLE_DEBUG_INFO = YES;
				ONLY_ACTIVE_ARCH = YES;
				SDKROOT = iphoneos;
				SWIFT_OPTIMIZATION_LEVEL = "-Onone";
			};
			name = Debug;
		};
		9931162E1D87AFE400682701 /* Release */ = {
			isa = XCBuildConfiguration;
			buildSettings = {
				ALWAYS_SEARCH_USER_PATHS = NO;
				CLANG_ANALYZER_NONNULL = YES;
				CLANG_CXX_LANGUAGE_STANDARD = "gnu++0x";
				CLANG_CXX_LIBRARY = "libc++";
				CLANG_ENABLE_MODULES = YES;
				CLANG_ENABLE_OBJC_ARC = YES;
				CLANG_WARN_BOOL_CONVERSION = YES;
				CLANG_WARN_CONSTANT_CONVERSION = YES;
				CLANG_WARN_DIRECT_OBJC_ISA_USAGE = YES_ERROR;
				CLANG_WARN_EMPTY_BODY = YES;
				CLANG_WARN_ENUM_CONVERSION = YES;
				CLANG_WARN_INT_CONVERSION = YES;
				CLANG_WARN_OBJC_ROOT_CLASS = YES_ERROR;
				CLANG_WARN_UNREACHABLE_CODE = YES;
				CLANG_WARN__DUPLICATE_METHOD_MATCH = YES;
				"CODE_SIGN_IDENTITY[sdk=iphoneos*]" = "iPhone Developer";
				COPY_PHASE_STRIP = NO;
				DEBUG_INFORMATION_FORMAT = "dwarf-with-dsym";
				ENABLE_NS_ASSERTIONS = NO;
				ENABLE_STRICT_OBJC_MSGSEND = YES;
				GCC_C_LANGUAGE_STANDARD = gnu99;
				GCC_NO_COMMON_BLOCKS = YES;
				GCC_WARN_64_TO_32_BIT_CONVERSION = YES;
				GCC_WARN_ABOUT_RETURN_TYPE = YES_ERROR;
				GCC_WARN_UNDECLARED_SELECTOR = YES;
				GCC_WARN_UNINITIALIZED_AUTOS = YES_AGGRESSIVE;
				GCC_WARN_UNUSED_FUNCTION = YES;
				GCC_WARN_UNUSED_VARIABLE = YES;
				IPHONEOS_DEPLOYMENT_TARGET = 9.3;
				MTL_ENABLE_DEBUG_INFO = NO;
				SDKROOT = iphoneos;
				VALIDATE_PRODUCT = YES;
			};
			name = Release;
		};
		993116301D87AFE400682701 /* Debug */ = {
			isa = XCBuildConfiguration;
			buildSettings = {
				ASSETCATALOG_COMPILER_APPICON_NAME = AppIcon;
				INFOPLIST_FILE = "Project76 - DownloadProcess/Info.plist";
				LD_RUNPATH_SEARCH_PATHS = "$(inherited) @executable_path/Frameworks";
				PRODUCT_BUNDLE_IDENTIFIER = "com.fantageek.Project76---DownloadProcess";
				PRODUCT_NAME = "$(TARGET_NAME)";
			};
			name = Debug;
		};
		993116311D87AFE400682701 /* Release */ = {
			isa = XCBuildConfiguration;
			buildSettings = {
				ASSETCATALOG_COMPILER_APPICON_NAME = AppIcon;
				INFOPLIST_FILE = "Project76 - DownloadProcess/Info.plist";
				LD_RUNPATH_SEARCH_PATHS = "$(inherited) @executable_path/Frameworks";
				PRODUCT_BUNDLE_IDENTIFIER = "com.fantageek.Project76---DownloadProcess";
				PRODUCT_NAME = "$(TARGET_NAME)";
			};
			name = Release;
		};
/* End XCBuildConfiguration section */

/* Begin XCConfigurationList section */
		993116181D87AFE400682701 /* Build configuration list for PBXProject "Project76 - DownloadProcess" */ = {
			isa = XCConfigurationList;
			buildConfigurations = (
				9931162D1D87AFE400682701 /* Debug */,
				9931162E1D87AFE400682701 /* Release */,
			);
			defaultConfigurationIsVisible = 0;
			defaultConfigurationName = Release;
		};
		9931162F1D87AFE400682701 /* Build configuration list for PBXNativeTarget "Project76 - DownloadProcess" */ = {
			isa = XCConfigurationList;
			buildConfigurations = (
				993116301D87AFE400682701 /* Debug */,
				993116311D87AFE400682701 /* Release */,
			);
			defaultConfigurationIsVisible = 0;
		};
/* End XCConfigurationList section */
	};
	rootObject = 993116151D87AFE400682701 /* Project object */;
}
