// !$*UTF8*$!
{
	archiveVersion = 1;
	classes = {
	};
	objectVersion = 46;
	objects = {

/* Begin PBXBuildFile section */
		99B6EBDB1CD4FE4300C080B8 /* AppDelegate.swift in Sources */ = {isa = PBXBuildFile; fileRef = 99B6EBDA1CD4FE4300C080B8 /* AppDelegate.swift */; };
		99B6EBDD1CD4FE4300C080B8 /* ViewController.swift in Sources */ = {isa = PBXBuildFile; fileRef = 99B6EBDC1CD4FE4300C080B8 /* ViewController.swift */; };
		99B6EBE01CD4FE4400C080B8 /* Main.storyboard in Resources */ = {isa = PBXBuildFile; fileRef = 99B6EBDE1CD4FE4300C080B8 /* Main.storyboard */; };
		99B6EBE21CD4FE4400C080B8 /* Assets.xcassets in Resources */ = {isa = PBXBuildFile; fileRef = 99B6EBE11CD4FE4400C080B8 /* Assets.xcassets */; };
		99B6EBE51CD4FE4400C080B8 /* LaunchScreen.storyboard in Resources */ = {isa = PBXBuildFile; fileRef = 99B6EBE31CD4FE4400C080B8 /* LaunchScreen.storyboard */; };
		99B6EBED1CD5011200C080B8 /* GuyCollectionViewCell.swift in Sources */ = {isa = PBXBuildFile; fileRef = 99B6EBEC1CD5011200C080B8 /* GuyCollectionViewCell.swift */; };
/* End PBXBuildFile section */

/* Begin PBXFileReference section */
		99B6EBD71CD4FE4300C080B8 /* ZoomoutCollectionView.app */ = {isa = PBXFileReference; explicitFileType = wrapper.application; includeInIndex = 0; path = ZoomoutCollectionView.app; sourceTree = BUILT_PRODUCTS_DIR; };
		99B6EBDA1CD4FE4300C080B8 /* AppDelegate.swift */ = {isa = PBXFileReference; lastKnownFileType = sourcecode.swift; path = AppDelegate.swift; sourceTree = "<group>"; };
		99B6EBDC1CD4FE4300C080B8 /* ViewController.swift */ = {isa = PBXFileReference; lastKnownFileType = sourcecode.swift; path = ViewController.swift; sourceTree = "<group>"; };
		99B6EBDF1CD4FE4300C080B8 /* Base */ = {isa = PBXFileReference; lastKnownFileType = file.storyboard; name = Base; path = Base.lproj/Main.storyboard; sourceTree = "<group>"; };
		99B6EBE11CD4FE4400C080B8 /* Assets.xcassets */ = {isa = PBXFileReference; lastKnownFileType = folder.assetcatalog; path = Assets.xcassets; sourceTree = "<group>"; };
		99B6EBE41CD4FE4400C080B8 /* Base */ = {isa = PBXFileReference; lastKnownFileType = file.storyboard; name = Base; path = Base.lproj/LaunchScreen.storyboard; sourceTree = "<group>"; };
		99B6EBE61CD4FE4400C080B8 /* Info.plist */ = {isa = PBXFileReference; lastKnownFileType = text.plist.xml; path = Info.plist; sourceTree = "<group>"; };
		99B6EBEC1CD5011200C080B8 /* GuyCollectionViewCell.swift */ = {isa = PBXFileReference; fileEncoding = 4; lastKnownFileType = sourcecode.swift; path = GuyCollectionViewCell.swift; sourceTree = "<group>"; };
/* End PBXFileReference section */

/* Begin PBXFrameworksBuildPhase section */
		99B6EBD41CD4FE4300C080B8 /* Frameworks */ = {
			isa = PBXFrameworksBuildPhase;
			buildActionMask = 2147483647;
			files = (
			);
			runOnlyForDeploymentPostprocessing = 0;
		};
/* End PBXFrameworksBuildPhase section */

/* Begin PBXGroup section */
		99B6EBCE1CD4FE4300C080B8 = {
			isa = PBXGroup;
			children = (
				99B6EBD91CD4FE4300C080B8 /* ZoomoutCollectionView */,
				99B6EBD81CD4FE4300C080B8 /* Products */,
			);
			sourceTree = "<group>";
		};
		99B6EBD81CD4FE4300C080B8 /* Products */ = {
			isa = PBXGroup;
			children = (
				99B6EBD71CD4FE4300C080B8 /* ZoomoutCollectionView.app */,
			);
			name = Products;
			sourceTree = "<group>";
		};
		99B6EBD91CD4FE4300C080B8 /* ZoomoutCollectionView */ = {
			isa = PBXGroup;
			children = (
				99B6EBDA1CD4FE4300C080B8 /* AppDelegate.swift */,
				99B6EBDC1CD4FE4300C080B8 /* ViewController.swift */,
				99B6EBDE1CD4FE4300C080B8 /* Main.storyboard */,
				99B6EBE11CD4FE4400C080B8 /* Assets.xcassets */,
				99B6EBE31CD4FE4400C080B8 /* LaunchScreen.storyboard */,
				99B6EBE61CD4FE4400C080B8 /* Info.plist */,
				99B6EBEC1CD5011200C080B8 /* GuyCollectionViewCell.swift */,
			);
			path = ZoomoutCollectionView;
			sourceTree = "<group>";
		};
/* End PBXGroup section */

/* Begin PBXNativeTarget section */
		99B6EBD61CD4FE4300C080B8 /* ZoomoutCollectionView */ = {
			isa = PBXNativeTarget;
			buildConfigurationList = 99B6EBE91CD4FE4400C080B8 /* Build configuration list for PBXNativeTarget "ZoomoutCollectionView" */;
			buildPhases = (
				99B6EBD31CD4FE4300C080B8 /* Sources */,
				99B6EBD41CD4FE4300C080B8 /* Frameworks */,
				99B6EBD51CD4FE4300C080B8 /* Resources */,
			);
			buildRules = (
			);
			dependencies = (
			);
			name = ZoomoutCollectionView;
			productName = ZoomoutCollectionView;
			productReference = 99B6EBD71CD4FE4300C080B8 /* ZoomoutCollectionView.app */;
			productType = "com.apple.product-type.application";
		};
/* End PBXNativeTarget section */

/* Begin PBXProject section */
		99B6EBCF1CD4FE4300C080B8 /* Project object */ = {
			isa = PBXProject;
			attributes = {
				LastSwiftUpdateCheck = 0730;
				LastUpgradeCheck = 0730;
				ORGANIZATIONNAME = Fantageek;
				TargetAttributes = {
					99B6EBD61CD4FE4300C080B8 = {
						CreatedOnToolsVersion = 7.3;
					};
				};
			};
			buildConfigurationList = 99B6EBD21CD4FE4300C080B8 /* Build configuration list for PBXProject "ZoomoutCollectionView" */;
			compatibilityVersion = "Xcode 3.2";
			developmentRegion = English;
			hasScannedForEncodings = 0;
			knownRegions = (
				en,
				Base,
			);
			mainGroup = 99B6EBCE1CD4FE4300C080B8;
			productRefGroup = 99B6EBD81CD4FE4300C080B8 /* Products */;
			projectDirPath = "";
			projectRoot = "";
			targets = (
				99B6EBD61CD4FE4300C080B8 /* ZoomoutCollectionView */,
			);
		};
/* End PBXProject section */

/* Begin PBXResourcesBuildPhase section */
		99B6EBD51CD4FE4300C080B8 /* Resources */ = {
			isa = PBXResourcesBuildPhase;
			buildActionMask = 2147483647;
			files = (
				99B6EBE51CD4FE4400C080B8 /* LaunchScreen.storyboard in Resources */,
				99B6EBE21CD4FE4400C080B8 /* Assets.xcassets in Resources */,
				99B6EBE01CD4FE4400C080B8 /* Main.storyboard in Resources */,
			);
			runOnlyForDeploymentPostprocessing = 0;
		};
/* End PBXResourcesBuildPhase section */

/* Begin PBXSourcesBuildPhase section */
		99B6EBD31CD4FE4300C080B8 /* Sources */ = {
			isa = PBXSourcesBuildPhase;
			buildActionMask = 2147483647;
			files = (
				99B6EBDD1CD4FE4300C080B8 /* ViewController.swift in Sources */,
				99B6EBDB1CD4FE4300C080B8 /* AppDelegate.swift in Sources */,
				99B6EBED1CD5011200C080B8 /* GuyCollectionViewCell.swift in Sources */,
			);
			runOnlyForDeploymentPostprocessing = 0;
		};
/* End PBXSourcesBuildPhase section */

/* Begin PBXVariantGroup section */
		99B6EBDE1CD4FE4300C080B8 /* Main.storyboard */ = {
			isa = PBXVariantGroup;
			children = (
				99B6EBDF1CD4FE4300C080B8 /* Base */,
			);
			name = Main.storyboard;
			sourceTree = "<group>";
		};
		99B6EBE31CD4FE4400C080B8 /* LaunchScreen.storyboard */ = {
			isa = PBXVariantGroup;
			children = (
				99B6EBE41CD4FE4400C080B8 /* Base */,
			);
			name = LaunchScreen.storyboard;
			sourceTree = "<group>";
		};
/* End PBXVariantGroup section */

/* Begin XCBuildConfiguration section */
		99B6EBE71CD4FE4400C080B8 /* Debug */ = {
			isa = XCBuildConfiguration;
			buildSettings = {
				ALWAYS_SEARCH_USER_PATHS = NO;
				CLANG_ANALYZER_NONNULL = YES;
				CLANG_CXX_LANGUAGE_STANDARD = "gnu++0x";
				CLANG_CXX_LIBRARY = "libc++";
				CLANG_ENABLE_MODULES = YES;
				CLANG_ENABLE_OBJC_ARC = YES;
				CLANG_WARN_BOOL_CONVERSION = YES;
				CLANG_WARN_CONSTANT_CONVERSION = YES;
				CLANG_WARN_DIRECT_OBJC_ISA_USAGE = YES_ERROR;
				CLANG_WARN_EMPTY_BODY = YES;
				CLANG_WARN_ENUM_CONVERSION = YES;
				CLANG_WARN_INT_CONVERSION = YES;
				CLANG_WARN_OBJC_ROOT_CLASS = YES_ERROR;
				CLANG_WARN_UNREACHABLE_CODE = YES;
				CLANG_WARN__DUPLICATE_METHOD_MATCH = YES;
				"CODE_SIGN_IDENTITY[sdk=iphoneos*]" = "iPhone Developer";
				COPY_PHASE_STRIP = NO;
				DEBUG_INFORMATION_FORMAT = dwarf;
				ENABLE_STRICT_OBJC_MSGSEND = YES;
				ENABLE_TESTABILITY = YES;
				GCC_C_LANGUAGE_STANDARD = gnu99;
				GCC_DYNAMIC_NO_PIC = NO;
				GCC_NO_COMMON_BLOCKS = YES;
				GCC_OPTIMIZATION_LEVEL = 0;
				GCC_PREPROCESSOR_DEFINITIONS = (
					"DEBUG=1",
					"$(inherited)",
				);
				GCC_WARN_64_TO_32_BIT_CONVERSION = YES;
				GCC_WARN_ABOUT_RETURN_TYPE = YES_ERROR;
				GCC_WARN_UNDECLARED_SELECTOR = YES;
				GCC_WARN_UNINITIALIZED_AUTOS = YES_AGGRESSIVE;
				GCC_WARN_UNUSED_FUNCTION = YES;
				GCC_WARN_UNUSED_VARIABLE = YES;
				IPHONEOS_DEPLOYMENT_TARGET = 9.3;
				MTL_ENABLE_DEBUG_INFO = YES;
				ONLY_ACTIVE_ARCH = YES;
				SDKROOT = iphoneos;
				SWIFT_OPTIMIZATION_LEVEL = "-Onone";
			};
			name = Debug;
		};
		99B6EBE81CD4FE4400C080B8 /* Release */ = {
			isa = XCBuildConfiguration;
			buildSettings = {
				ALWAYS_SEARCH_USER_PATHS = NO;
				CLANG_ANALYZER_NONNULL = YES;
				CLANG_CXX_LANGUAGE_STANDARD = "gnu++0x";
				CLANG_CXX_LIBRARY = "libc++";
				CLANG_ENABLE_MODULES = YES;
				CLANG_ENABLE_OBJC_ARC = YES;
				CLANG_WARN_BOOL_CONVERSION = YES;
				CLANG_WARN_CONSTANT_CONVERSION = YES;
				CLANG_WARN_DIRECT_OBJC_ISA_USAGE = YES_ERROR;
				CLANG_WARN_EMPTY_BODY = YES;
				CLANG_WARN_ENUM_CONVERSION = YES;
				CLANG_WARN_INT_CONVERSION = YES;
				CLANG_WARN_OBJC_ROOT_CLASS = YES_ERROR;
				CLANG_WARN_UNREACHABLE_CODE = YES;
				CLANG_WARN__DUPLICATE_METHOD_MATCH = YES;
				"CODE_SIGN_IDENTITY[sdk=iphoneos*]" = "iPhone Developer";
				COPY_PHASE_STRIP = NO;
				DEBUG_INFORMATION_FORMAT = "dwarf-with-dsym";
				ENABLE_NS_ASSERTIONS = NO;
				ENABLE_STRICT_OBJC_MSGSEND = YES;
				GCC_C_LANGUAGE_STANDARD = gnu99;
				GCC_NO_COMMON_BLOCKS = YES;
				GCC_WARN_64_TO_32_BIT_CONVERSION = YES;
				GCC_WARN_ABOUT_RETURN_TYPE = YES_ERROR;
				GCC_WARN_UNDECLARED_SELECTOR = YES;
				GCC_WARN_UNINITIALIZED_AUTOS = YES_AGGRESSIVE;
				GCC_WARN_UNUSED_FUNCTION = YES;
				GCC_WARN_UNUSED_VARIABLE = YES;
				IPHONEOS_DEPLOYMENT_TARGET = 9.3;
				MTL_ENABLE_DEBUG_INFO = NO;
				SDKROOT = iphoneos;
				VALIDATE_PRODUCT = YES;
			};
			name = Release;
		};
		99B6EBEA1CD4FE4400C080B8 /* Debug */ = {
			isa = XCBuildConfiguration;
			buildSettings = {
				ASSETCATALOG_COMPILER_APPICON_NAME = AppIcon;
				INFOPLIST_FILE = ZoomoutCollectionView/Info.plist;
				LD_RUNPATH_SEARCH_PATHS = "$(inherited) @executable_path/Frameworks";
				PRODUCT_BUNDLE_IDENTIFIER = com.fantageek.ZoomoutCollectionView;
				PRODUCT_NAME = "$(TARGET_NAME)";
			};
			name = Debug;
		};
		99B6EBEB1CD4FE4400C080B8 /* Release */ = {
			isa = XCBuildConfiguration;
			buildSettings = {
				ASSETCATALOG_COMPILER_APPICON_NAME = AppIcon;
				INFOPLIST_FILE = ZoomoutCollectionView/Info.plist;
				LD_RUNPATH_SEARCH_PATHS = "$(inherited) @executable_path/Frameworks";
				PRODUCT_BUNDLE_IDENTIFIER = com.fantageek.ZoomoutCollectionView;
				PRODUCT_NAME = "$(TARGET_NAME)";
			};
			name = Release;
		};
/* End XCBuildConfiguration section */

/* Begin XCConfigurationList section */
		99B6EBD21CD4FE4300C080B8 /* Build configuration list for PBXProject "ZoomoutCollectionView" */ = {
			isa = XCConfigurationList;
			buildConfigurations = (
				99B6EBE71CD4FE4400C080B8 /* Debug */,
				99B6EBE81CD4FE4400C080B8 /* Release */,
			);
			defaultConfigurationIsVisible = 0;
			defaultConfigurationName = Release;
		};
		99B6EBE91CD4FE4400C080B8 /* Build configuration list for PBXNativeTarget "ZoomoutCollectionView" */ = {
			isa = XCConfigurationList;
			buildConfigurations = (
				99B6EBEA1CD4FE4400C080B8 /* Debug */,
				99B6EBEB1CD4FE4400C080B8 /* Release */,
			);
			defaultConfigurationIsVisible = 0;
		};
/* End XCConfigurationList section */
	};
	rootObject = 99B6EBCF1CD4FE4300C080B8 /* Project object */;
}
