// !$*UTF8*$!
{
	archiveVersion = 1;
	classes = {
	};
	objectVersion = 46;
	objects = {

/* Begin PBXBuildFile section */
		9908D1711CEA3288002012B5 /* GithubViewController.swift in Sources */ = {isa = PBXBuildFile; fileRef = 9908D1701CEA3288002012B5 /* GithubViewController.swift */; };
		9908D1731CEA32E3002012B5 /* StackOverFlowViewController.swift in Sources */ = {isa = PBXBuildFile; fileRef = 9908D1721CEA32E3002012B5 /* StackOverFlowViewController.swift */; };
		9908D1751CEA3C14002012B5 /* CodeWarsViewController.swift in Sources */ = {isa = PBXBuildFile; fileRef = 9908D1741CEA3C14002012B5 /* CodeWarsViewController.swift */; };
		99AA7F101CE8DCEE00F8C867 /* AppDelegate.swift in Sources */ = {isa = PBXBuildFile; fileRef = 99AA7F0F1CE8DCEE00F8C867 /* AppDelegate.swift */; };
		99AA7F121CE8DCEE00F8C867 /* ViewController.swift in Sources */ = {isa = PBXBuildFile; fileRef = 99AA7F111CE8DCEE00F8C867 /* ViewController.swift */; };
		99AA7F151CE8DCEE00F8C867 /* Main.storyboard in Resources */ = {isa = PBXBuildFile; fileRef = 99AA7F131CE8DCEE00F8C867 /* Main.storyboard */; };
		99AA7F171CE8DCEE00F8C867 /* Assets.xcassets in Resources */ = {isa = PBXBuildFile; fileRef = 99AA7F161CE8DCEE00F8C867 /* Assets.xcassets */; };
		99AA7F1A1CE8DCEE00F8C867 /* LaunchScreen.storyboard in Resources */ = {isa = PBXBuildFile; fileRef = 99AA7F181CE8DCEE00F8C867 /* LaunchScreen.storyboard */; };
/* End PBXBuildFile section */

/* Begin PBXFileReference section */
		9908D1701CEA3288002012B5 /* GithubViewController.swift */ = {isa = PBXFileReference; fileEncoding = 4; lastKnownFileType = sourcecode.swift; path = GithubViewController.swift; sourceTree = "<group>"; };
		9908D1721CEA32E3002012B5 /* StackOverFlowViewController.swift */ = {isa = PBXFileReference; fileEncoding = 4; lastKnownFileType = sourcecode.swift; path = StackOverFlowViewController.swift; sourceTree = "<group>"; };
		9908D1741CEA3C14002012B5 /* CodeWarsViewController.swift */ = {isa = PBXFileReference; fileEncoding = 4; lastKnownFileType = sourcecode.swift; path = CodeWarsViewController.swift; sourceTree = "<group>"; };
		99AA7F0C1CE8DCEE00F8C867 /* ContainerViewController.app */ = {isa = PBXFileReference; explicitFileType = wrapper.application; includeInIndex = 0; path = ContainerViewController.app; sourceTree = BUILT_PRODUCTS_DIR; };
		99AA7F0F1CE8DCEE00F8C867 /* AppDelegate.swift */ = {isa = PBXFileReference; lastKnownFileType = sourcecode.swift; path = AppDelegate.swift; sourceTree = "<group>"; };
		99AA7F111CE8DCEE00F8C867 /* ViewController.swift */ = {isa = PBXFileReference; lastKnownFileType = sourcecode.swift; path = ViewController.swift; sourceTree = "<group>"; };
		99AA7F141CE8DCEE00F8C867 /* Base */ = {isa = PBXFileReference; lastKnownFileType = file.storyboard; name = Base; path = Base.lproj/Main.storyboard; sourceTree = "<group>"; };
		99AA7F161CE8DCEE00F8C867 /* Assets.xcassets */ = {isa = PBXFileReference; lastKnownFileType = folder.assetcatalog; path = Assets.xcassets; sourceTree = "<group>"; };
		99AA7F191CE8DCEE00F8C867 /* Base */ = {isa = PBXFileReference; lastKnownFileType = file.storyboard; name = Base; path = Base.lproj/LaunchScreen.storyboard; sourceTree = "<group>"; };
		99AA7F1B1CE8DCEE00F8C867 /* Info.plist */ = {isa = PBXFileReference; lastKnownFileType = text.plist.xml; path = Info.plist; sourceTree = "<group>"; };
/* End PBXFileReference section */

/* Begin PBXFrameworksBuildPhase section */
		99AA7F091CE8DCEE00F8C867 /* Frameworks */ = {
			isa = PBXFrameworksBuildPhase;
			buildActionMask = 2147483647;
			files = (
			);
			runOnlyForDeploymentPostprocessing = 0;
		};
/* End PBXFrameworksBuildPhase section */

/* Begin PBXGroup section */
		99AA7F031CE8DCEE00F8C867 = {
			isa = PBXGroup;
			children = (
				99AA7F0E1CE8DCEE00F8C867 /* ContainerViewController */,
				99AA7F0D1CE8DCEE00F8C867 /* Products */,
			);
			sourceTree = "<group>";
		};
		99AA7F0D1CE8DCEE00F8C867 /* Products */ = {
			isa = PBXGroup;
			children = (
				99AA7F0C1CE8DCEE00F8C867 /* ContainerViewController.app */,
			);
			name = Products;
			sourceTree = "<group>";
		};
		99AA7F0E1CE8DCEE00F8C867 /* ContainerViewController */ = {
			isa = PBXGroup;
			children = (
				99AA7F0F1CE8DCEE00F8C867 /* AppDelegate.swift */,
				99AA7F111CE8DCEE00F8C867 /* ViewController.swift */,
				99AA7F131CE8DCEE00F8C867 /* Main.storyboard */,
				99AA7F161CE8DCEE00F8C867 /* Assets.xcassets */,
				99AA7F181CE8DCEE00F8C867 /* LaunchScreen.storyboard */,
				99AA7F1B1CE8DCEE00F8C867 /* Info.plist */,
				9908D1701CEA3288002012B5 /* GithubViewController.swift */,
				9908D1721CEA32E3002012B5 /* StackOverFlowViewController.swift */,
				9908D1741CEA3C14002012B5 /* CodeWarsViewController.swift */,
			);
			path = ContainerViewController;
			sourceTree = "<group>";
		};
/* End PBXGroup section */

/* Begin PBXNativeTarget section */
		99AA7F0B1CE8DCEE00F8C867 /* ContainerViewController */ = {
			isa = PBXNativeTarget;
			buildConfigurationList = 99AA7F1E1CE8DCEE00F8C867 /* Build configuration list for PBXNativeTarget "ContainerViewController" */;
			buildPhases = (
				99AA7F081CE8DCEE00F8C867 /* Sources */,
				99AA7F091CE8DCEE00F8C867 /* Frameworks */,
				99AA7F0A1CE8DCEE00F8C867 /* Resources */,
			);
			buildRules = (
			);
			dependencies = (
			);
			name = ContainerViewController;
			productName = ContainerViewController;
			productReference = 99AA7F0C1CE8DCEE00F8C867 /* ContainerViewController.app */;
			productType = "com.apple.product-type.application";
		};
/* End PBXNativeTarget section */

/* Begin PBXProject section */
		99AA7F041CE8DCEE00F8C867 /* Project object */ = {
			isa = PBXProject;
			attributes = {
				LastSwiftUpdateCheck = 0730;
				LastUpgradeCheck = 0730;
				ORGANIZATIONNAME = Fantageek;
				TargetAttributes = {
					99AA7F0B1CE8DCEE00F8C867 = {
						CreatedOnToolsVersion = 7.3;
					};
				};
			};
			buildConfigurationList = 99AA7F071CE8DCEE00F8C867 /* Build configuration list for PBXProject "ContainerViewController" */;
			compatibilityVersion = "Xcode 3.2";
			developmentRegion = English;
			hasScannedForEncodings = 0;
			knownRegions = (
				en,
				Base,
			);
			mainGroup = 99AA7F031CE8DCEE00F8C867;
			productRefGroup = 99AA7F0D1CE8DCEE00F8C867 /* Products */;
			projectDirPath = "";
			projectRoot = "";
			targets = (
				99AA7F0B1CE8DCEE00F8C867 /* ContainerViewController */,
			);
		};
/* End PBXProject section */

/* Begin PBXResourcesBuildPhase section */
		99AA7F0A1CE8DCEE00F8C867 /* Resources */ = {
			isa = PBXResourcesBuildPhase;
			buildActionMask = 2147483647;
			files = (
				99AA7F1A1CE8DCEE00F8C867 /* LaunchScreen.storyboard in Resources */,
				99AA7F171CE8DCEE00F8C867 /* Assets.xcassets in Resources */,
				99AA7F151CE8DCEE00F8C867 /* Main.storyboard in Resources */,
			);
			runOnlyForDeploymentPostprocessing = 0;
		};
/* End PBXResourcesBuildPhase section */

/* Begin PBXSourcesBuildPhase section */
		99AA7F081CE8DCEE00F8C867 /* Sources */ = {
			isa = PBXSourcesBuildPhase;
			buildActionMask = 2147483647;
			files = (
				9908D1711CEA3288002012B5 /* GithubViewController.swift in Sources */,
				99AA7F121CE8DCEE00F8C867 /* ViewController.swift in Sources */,
				99AA7F101CE8DCEE00F8C867 /* AppDelegate.swift in Sources */,
				9908D1751CEA3C14002012B5 /* CodeWarsViewController.swift in Sources */,
				9908D1731CEA32E3002012B5 /* StackOverFlowViewController.swift in Sources */,
			);
			runOnlyForDeploymentPostprocessing = 0;
		};
/* End PBXSourcesBuildPhase section */

/* Begin PBXVariantGroup section */
		99AA7F131CE8DCEE00F8C867 /* Main.storyboard */ = {
			isa = PBXVariantGroup;
			children = (
				99AA7F141CE8DCEE00F8C867 /* Base */,
			);
			name = Main.storyboard;
			sourceTree = "<group>";
		};
		99AA7F181CE8DCEE00F8C867 /* LaunchScreen.storyboard */ = {
			isa = PBXVariantGroup;
			children = (
				99AA7F191CE8DCEE00F8C867 /* Base */,
			);
			name = LaunchScreen.storyboard;
			sourceTree = "<group>";
		};
/* End PBXVariantGroup section */

/* Begin XCBuildConfiguration section */
		99AA7F1C1CE8DCEE00F8C867 /* Debug */ = {
			isa = XCBuildConfiguration;
			buildSettings = {
				ALWAYS_SEARCH_USER_PATHS = NO;
				CLANG_ANALYZER_NONNULL = YES;
				CLANG_CXX_LANGUAGE_STANDARD = "gnu++0x";
				CLANG_CXX_LIBRARY = "libc++";
				CLANG_ENABLE_MODULES = YES;
				CLANG_ENABLE_OBJC_ARC = YES;
				CLANG_WARN_BOOL_CONVERSION = YES;
				CLANG_WARN_CONSTANT_CONVERSION = YES;
				CLANG_WARN_DIRECT_OBJC_ISA_USAGE = YES_ERROR;
				CLANG_WARN_EMPTY_BODY = YES;
				CLANG_WARN_ENUM_CONVERSION = YES;
				CLANG_WARN_INT_CONVERSION = YES;
				CLANG_WARN_OBJC_ROOT_CLASS = YES_ERROR;
				CLANG_WARN_UNREACHABLE_CODE = YES;
				CLANG_WARN__DUPLICATE_METHOD_MATCH = YES;
				"CODE_SIGN_IDENTITY[sdk=iphoneos*]" = "iPhone Developer";
				COPY_PHASE_STRIP = NO;
				DEBUG_INFORMATION_FORMAT = dwarf;
				ENABLE_STRICT_OBJC_MSGSEND = YES;
				ENABLE_TESTABILITY = YES;
				GCC_C_LANGUAGE_STANDARD = gnu99;
				GCC_DYNAMIC_NO_PIC = NO;
				GCC_NO_COMMON_BLOCKS = YES;
				GCC_OPTIMIZATION_LEVEL = 0;
				GCC_PREPROCESSOR_DEFINITIONS = (
					"DEBUG=1",
					"$(inherited)",
				);
				GCC_WARN_64_TO_32_BIT_CONVERSION = YES;
				GCC_WARN_ABOUT_RETURN_TYPE = YES_ERROR;
				GCC_WARN_UNDECLARED_SELECTOR = YES;
				GCC_WARN_UNINITIALIZED_AUTOS = YES_AGGRESSIVE;
				GCC_WARN_UNUSED_FUNCTION = YES;
				GCC_WARN_UNUSED_VARIABLE = YES;
				IPHONEOS_DEPLOYMENT_TARGET = 9.3;
				MTL_ENABLE_DEBUG_INFO = YES;
				ONLY_ACTIVE_ARCH = YES;
				SDKROOT = iphoneos;
				SWIFT_OPTIMIZATION_LEVEL = "-Onone";
			};
			name = Debug;
		};
		99AA7F1D1CE8DCEE00F8C867 /* Release */ = {
			isa = XCBuildConfiguration;
			buildSettings = {
				ALWAYS_SEARCH_USER_PATHS = NO;
				CLANG_ANALYZER_NONNULL = YES;
				CLANG_CXX_LANGUAGE_STANDARD = "gnu++0x";
				CLANG_CXX_LIBRARY = "libc++";
				CLANG_ENABLE_MODULES = YES;
				CLANG_ENABLE_OBJC_ARC = YES;
				CLANG_WARN_BOOL_CONVERSION = YES;
				CLANG_WARN_CONSTANT_CONVERSION = YES;
				CLANG_WARN_DIRECT_OBJC_ISA_USAGE = YES_ERROR;
				CLANG_WARN_EMPTY_BODY = YES;
				CLANG_WARN_ENUM_CONVERSION = YES;
				CLANG_WARN_INT_CONVERSION = YES;
				CLANG_WARN_OBJC_ROOT_CLASS = YES_ERROR;
				CLANG_WARN_UNREACHABLE_CODE = YES;
				CLANG_WARN__DUPLICATE_METHOD_MATCH = YES;
				"CODE_SIGN_IDENTITY[sdk=iphoneos*]" = "iPhone Developer";
				COPY_PHASE_STRIP = NO;
				DEBUG_INFORMATION_FORMAT = "dwarf-with-dsym";
				ENABLE_NS_ASSERTIONS = NO;
				ENABLE_STRICT_OBJC_MSGSEND = YES;
				GCC_C_LANGUAGE_STANDARD = gnu99;
				GCC_NO_COMMON_BLOCKS = YES;
				GCC_WARN_64_TO_32_BIT_CONVERSION = YES;
				GCC_WARN_ABOUT_RETURN_TYPE = YES_ERROR;
				GCC_WARN_UNDECLARED_SELECTOR = YES;
				GCC_WARN_UNINITIALIZED_AUTOS = YES_AGGRESSIVE;
				GCC_WARN_UNUSED_FUNCTION = YES;
				GCC_WARN_UNUSED_VARIABLE = YES;
				IPHONEOS_DEPLOYMENT_TARGET = 9.3;
				MTL_ENABLE_DEBUG_INFO = NO;
				SDKROOT = iphoneos;
				VALIDATE_PRODUCT = YES;
			};
			name = Release;
		};
		99AA7F1F1CE8DCEE00F8C867 /* Debug */ = {
			isa = XCBuildConfiguration;
			buildSettings = {
				ASSETCATALOG_COMPILER_APPICON_NAME = AppIcon;
				INFOPLIST_FILE = ContainerViewController/Info.plist;
				LD_RUNPATH_SEARCH_PATHS = "$(inherited) @executable_path/Frameworks";
				PRODUCT_BUNDLE_IDENTIFIER = com.fantageek.ContainerViewController;
				PRODUCT_NAME = "$(TARGET_NAME)";
			};
			name = Debug;
		};
		99AA7F201CE8DCEE00F8C867 /* Release */ = {
			isa = XCBuildConfiguration;
			buildSettings = {
				ASSETCATALOG_COMPILER_APPICON_NAME = AppIcon;
				INFOPLIST_FILE = ContainerViewController/Info.plist;
				LD_RUNPATH_SEARCH_PATHS = "$(inherited) @executable_path/Frameworks";
				PRODUCT_BUNDLE_IDENTIFIER = com.fantageek.ContainerViewController;
				PRODUCT_NAME = "$(TARGET_NAME)";
			};
			name = Release;
		};
/* End XCBuildConfiguration section */

/* Begin XCConfigurationList section */
		99AA7F071CE8DCEE00F8C867 /* Build configuration list for PBXProject "ContainerViewController" */ = {
			isa = XCConfigurationList;
			buildConfigurations = (
				99AA7F1C1CE8DCEE00F8C867 /* Debug */,
				99AA7F1D1CE8DCEE00F8C867 /* Release */,
			);
			defaultConfigurationIsVisible = 0;
			defaultConfigurationName = Release;
		};
		99AA7F1E1CE8DCEE00F8C867 /* Build configuration list for PBXNativeTarget "ContainerViewController" */ = {
			isa = XCConfigurationList;
			buildConfigurations = (
				99AA7F1F1CE8DCEE00F8C867 /* Debug */,
				99AA7F201CE8DCEE00F8C867 /* Release */,
			);
			defaultConfigurationIsVisible = 0;
			defaultConfigurationName = Release;
		};
/* End XCConfigurationList section */
	};
	rootObject = 99AA7F041CE8DCEE00F8C867 /* Project object */;
}
