PODS:
  - Alamofire (3.3.1)
  - Cosmos (1.2.2)
  - SwiftyJSON (2.3.2)

DEPENDENCIES:
  - Alamofire (~> 3.3)
  - Cosmos (~> 1.2)
  - SwiftyJSON (~> 2.3)

SPEC CHECKSUMS:
  Alamofire: 369bc67b6f5ac33ded3648d7bd21c5bfb91c2ecc
  Cosmos: 87c49100c69d2cb2eebfa4eb8d1e801fe29ff774
  SwiftyJSON: 04ccea08915aa0109039157c7974cf0298da292a

COCOAPODS: 0.39.0
